// !$*UTF8*$!
{
	archiveVersion = 1;
	classes = {
	};
	objectVersion = 50;
	objects = {

/* Begin PBXBuildFile section */
		1A14B61623397F160071A6E4 /* PresenceController.swift in Sources */ = {isa = PBXBuildFile; fileRef = 1A14B61523397F150071A6E4 /* PresenceController.swift */; };
		1A44F5B524325355006089F1 /* vn-sdk-config.json in Resources */ = {isa = PBXBuildFile; fileRef = 1A44F5B424325355006089F1 /* vn-sdk-config.json */; };
		6594257722C23B7500BCA348 /* DeepLinkTableViewController.swift in Sources */ = {isa = PBXBuildFile; fileRef = 6594257522C23B7500BCA348 /* DeepLinkTableViewController.swift */; };
		6594257822C23B7500BCA348 /* DeepLinkTableViewController.xib in Resources */ = {isa = PBXBuildFile; fileRef = 6594257622C23B7500BCA348 /* DeepLinkTableViewController.xib */; };
		6594257B22C2BD2200BCA348 /* LinkTableViewCell.swift in Sources */ = {isa = PBXBuildFile; fileRef = 6594257922C2BD2100BCA348 /* LinkTableViewCell.swift */; };
		6594257C22C2BD2200BCA348 /* LinkTableViewCell.xib in Resources */ = {isa = PBXBuildFile; fileRef = 6594257A22C2BD2100BCA348 /* LinkTableViewCell.xib */; };
		AB2BCA8E228DB66400194A7A /* AppDelegate.swift in Sources */ = {isa = PBXBuildFile; fileRef = AB2BCA8D228DB66400194A7A /* AppDelegate.swift */; };
		AB2BCA95228DB66700194A7A /* Assets.xcassets in Resources */ = {isa = PBXBuildFile; fileRef = AB2BCA94228DB66700194A7A /* Assets.xcassets */; };
		AB2BCA98228DB66700194A7A /* LaunchScreen.storyboard in Resources */ = {isa = PBXBuildFile; fileRef = AB2BCA96228DB66700194A7A /* LaunchScreen.storyboard */; };
		AB5987CA22B43CAC003E159A /* Analytics.swift in Sources */ = {isa = PBXBuildFile; fileRef = AB5987C922B43CAC003E159A /* Analytics.swift */; };
		AB6E2355228DCB4800EDD290 /* TabBarController.swift in Sources */ = {isa = PBXBuildFile; fileRef = AB6E2354228DCB4800EDD290 /* TabBarController.swift */; };
		AB6E2357228DCD1800EDD290 /* PaymentAdapter.swift in Sources */ = {isa = PBXBuildFile; fileRef = AB6E2356228DCD1800EDD290 /* PaymentAdapter.swift */; };
		AB85919623985429006D3175 /* BraintreeApplePay.framework in Frameworks */ = {isa = PBXBuildFile; fileRef = 6580C7C4235EBDE400800A38 /* BraintreeApplePay.framework */; };
		AB85919723985429006D3175 /* BraintreeApplePay.framework in Embed Frameworks */ = {isa = PBXBuildFile; fileRef = 6580C7C4235EBDE400800A38 /* BraintreeApplePay.framework */; settings = {ATTRIBUTES = (CodeSignOnCopy, RemoveHeadersOnCopy, ); }; };
		AB85919823985429006D3175 /* BraintreeCard.framework in Frameworks */ = {isa = PBXBuildFile; fileRef = 6580C7C7235EBDE400800A38 /* BraintreeCard.framework */; };
		AB85919923985429006D3175 /* BraintreeCard.framework in Embed Frameworks */ = {isa = PBXBuildFile; fileRef = 6580C7C7235EBDE400800A38 /* BraintreeCard.framework */; settings = {ATTRIBUTES = (CodeSignOnCopy, RemoveHeadersOnCopy, ); }; };
		AB85919A23985429006D3175 /* BraintreeCore.framework in Frameworks */ = {isa = PBXBuildFile; fileRef = 6580C7C2235EBDE400800A38 /* BraintreeCore.framework */; };
		AB85919B23985429006D3175 /* BraintreeCore.framework in Embed Frameworks */ = {isa = PBXBuildFile; fileRef = 6580C7C2235EBDE400800A38 /* BraintreeCore.framework */; settings = {ATTRIBUTES = (CodeSignOnCopy, RemoveHeadersOnCopy, ); }; };
		AB85919C23985429006D3175 /* BraintreeDropIn.framework in Frameworks */ = {isa = PBXBuildFile; fileRef = 6580C7C1235EBDE400800A38 /* BraintreeDropIn.framework */; };
		AB85919D23985429006D3175 /* BraintreeDropIn.framework in Embed Frameworks */ = {isa = PBXBuildFile; fileRef = 6580C7C1235EBDE400800A38 /* BraintreeDropIn.framework */; settings = {ATTRIBUTES = (CodeSignOnCopy, RemoveHeadersOnCopy, ); }; };
		AB85919E23985429006D3175 /* BraintreePaymentFlow.framework in Frameworks */ = {isa = PBXBuildFile; fileRef = 6580C7CA235EBDE400800A38 /* BraintreePaymentFlow.framework */; };
		AB85919F23985429006D3175 /* BraintreePaymentFlow.framework in Embed Frameworks */ = {isa = PBXBuildFile; fileRef = 6580C7CA235EBDE400800A38 /* BraintreePaymentFlow.framework */; settings = {ATTRIBUTES = (CodeSignOnCopy, RemoveHeadersOnCopy, ); }; };
		AB8591A023985429006D3175 /* BraintreePayPal.framework in Frameworks */ = {isa = PBXBuildFile; fileRef = 6580C7C6235EBDE400800A38 /* BraintreePayPal.framework */; };
		AB8591A123985429006D3175 /* BraintreePayPal.framework in Embed Frameworks */ = {isa = PBXBuildFile; fileRef = 6580C7C6235EBDE400800A38 /* BraintreePayPal.framework */; settings = {ATTRIBUTES = (CodeSignOnCopy, RemoveHeadersOnCopy, ); }; };
		AB8591A223985429006D3175 /* BraintreeUIKit.framework in Frameworks */ = {isa = PBXBuildFile; fileRef = 6580C7C9235EBDE400800A38 /* BraintreeUIKit.framework */; };
		AB8591A323985429006D3175 /* BraintreeUIKit.framework in Embed Frameworks */ = {isa = PBXBuildFile; fileRef = 6580C7C9235EBDE400800A38 /* BraintreeUIKit.framework */; settings = {ATTRIBUTES = (CodeSignOnCopy, RemoveHeadersOnCopy, ); }; };
		AB8591A423985429006D3175 /* PayPalDataCollector.framework in Frameworks */ = {isa = PBXBuildFile; fileRef = 6580C7C8235EBDE400800A38 /* PayPalDataCollector.framework */; };
		AB8591A523985429006D3175 /* PayPalDataCollector.framework in Embed Frameworks */ = {isa = PBXBuildFile; fileRef = 6580C7C8235EBDE400800A38 /* PayPalDataCollector.framework */; settings = {ATTRIBUTES = (CodeSignOnCopy, RemoveHeadersOnCopy, ); }; };
		AB8591A623985429006D3175 /* PayPalOneTouch.framework in Frameworks */ = {isa = PBXBuildFile; fileRef = 6580C7C3235EBDE400800A38 /* PayPalOneTouch.framework */; };
		AB8591A723985429006D3175 /* PayPalOneTouch.framework in Embed Frameworks */ = {isa = PBXBuildFile; fileRef = 6580C7C3235EBDE400800A38 /* PayPalOneTouch.framework */; settings = {ATTRIBUTES = (CodeSignOnCopy, RemoveHeadersOnCopy, ); }; };
		AB8591A823985429006D3175 /* PayPalUtils.framework in Frameworks */ = {isa = PBXBuildFile; fileRef = 6580C7C5235EBDE400800A38 /* PayPalUtils.framework */; };
		AB8591A923985429006D3175 /* PayPalUtils.framework in Embed Frameworks */ = {isa = PBXBuildFile; fileRef = 6580C7C5235EBDE400800A38 /* PayPalUtils.framework */; settings = {ATTRIBUTES = (CodeSignOnCopy, RemoveHeadersOnCopy, ); }; };
		ABC68E7B230EF7F500F41B01 /* ObjCTabBarController.m in Sources */ = {isa = PBXBuildFile; fileRef = ABC68E72230EF7F500F41B01 /* ObjCTabBarController.m */; };
		ABC68E7C230EF7F500F41B01 /* ObjCConfiguration.m in Sources */ = {isa = PBXBuildFile; fileRef = ABC68E73230EF7F500F41B01 /* ObjCConfiguration.m */; };
		ABC68E7D230EF7F500F41B01 /* DemoViewController.xib in Resources */ = {isa = PBXBuildFile; fileRef = ABC68E77230EF7F500F41B01 /* DemoViewController.xib */; };
		ABC68E7E230EF7F500F41B01 /* DemoViewController.m in Sources */ = {isa = PBXBuildFile; fileRef = ABC68E78230EF7F500F41B01 /* DemoViewController.m */; };
		ABC68E81230EF97F00F41B01 /* Appearance.swift in Sources */ = {isa = PBXBuildFile; fileRef = ABC68E80230EF97F00F41B01 /* Appearance.swift */; };
		CE4D04BF24428151007675F2 /* iosExperienceSDK.framework in Frameworks */ = {isa = PBXBuildFile; fileRef = CE4D04BA24428149007675F2 /* iosExperienceSDK.framework */; };
		CE4D04C024428151007675F2 /* iosExperienceSDK.framework in Embed Frameworks */ = {isa = PBXBuildFile; fileRef = CE4D04BA24428149007675F2 /* iosExperienceSDK.framework */; settings = {ATTRIBUTES = (CodeSignOnCopy, RemoveHeadersOnCopy, ); }; };
		CE4D04C124428151007675F2 /* Presence.framework in Frameworks */ = {isa = PBXBuildFile; fileRef = CE4D04BB24428149007675F2 /* Presence.framework */; };
		CE4D04C224428151007675F2 /* Presence.framework in Embed Frameworks */ = {isa = PBXBuildFile; fileRef = CE4D04BB24428149007675F2 /* Presence.framework */; settings = {ATTRIBUTES = (CodeSignOnCopy, RemoveHeadersOnCopy, ); }; };
		CE4D04C324428151007675F2 /* PresenceSDK.framework in Frameworks */ = {isa = PBXBuildFile; fileRef = CE4D04B924428149007675F2 /* PresenceSDK.framework */; };
		CE4D04C424428151007675F2 /* PresenceSDK.framework in Embed Frameworks */ = {isa = PBXBuildFile; fileRef = CE4D04B924428149007675F2 /* PresenceSDK.framework */; settings = {ATTRIBUTES = (CodeSignOnCopy, RemoveHeadersOnCopy, ); }; };
		CE4D04DD2442840C007675F2 /* VenueNextAnalytics.framework in Frameworks */ = {isa = PBXBuildFile; fileRef = CE4D04C824428405007675F2 /* VenueNextAnalytics.framework */; };
		CE4D04DE2442840C007675F2 /* VenueNextAnalytics.framework in Embed Frameworks */ = {isa = PBXBuildFile; fileRef = CE4D04C824428405007675F2 /* VenueNextAnalytics.framework */; settings = {ATTRIBUTES = (CodeSignOnCopy, RemoveHeadersOnCopy, ); }; };
		CE4D04DF2442840C007675F2 /* VenueNextCore.framework in Frameworks */ = {isa = PBXBuildFile; fileRef = CE4D04CB24428405007675F2 /* VenueNextCore.framework */; };
		CE4D04E02442840C007675F2 /* VenueNextCore.framework in Embed Frameworks */ = {isa = PBXBuildFile; fileRef = CE4D04CB24428405007675F2 /* VenueNextCore.framework */; settings = {ATTRIBUTES = (CodeSignOnCopy, RemoveHeadersOnCopy, ); }; };
		CE4D04E12442840C007675F2 /* VenueNextCoreUI.framework in Frameworks */ = {isa = PBXBuildFile; fileRef = CE4D04C724428405007675F2 /* VenueNextCoreUI.framework */; };
		CE4D04E22442840C007675F2 /* VenueNextCoreUI.framework in Embed Frameworks */ = {isa = PBXBuildFile; fileRef = CE4D04C724428405007675F2 /* VenueNextCoreUI.framework */; settings = {ATTRIBUTES = (CodeSignOnCopy, RemoveHeadersOnCopy, ); }; };
		CE4D04E32442840C007675F2 /* VenueNextLegacy.framework in Frameworks */ = {isa = PBXBuildFile; fileRef = CE4D04C924428405007675F2 /* VenueNextLegacy.framework */; };
		CE4D04E42442840C007675F2 /* VenueNextLegacy.framework in Embed Frameworks */ = {isa = PBXBuildFile; fileRef = CE4D04C924428405007675F2 /* VenueNextLegacy.framework */; settings = {ATTRIBUTES = (CodeSignOnCopy, RemoveHeadersOnCopy, ); }; };
		CE4D04E52442840C007675F2 /* VenueNextNetworkService.framework in Frameworks */ = {isa = PBXBuildFile; fileRef = CE4D04CA24428405007675F2 /* VenueNextNetworkService.framework */; };
		CE4D04E62442840C007675F2 /* VenueNextNetworkService.framework in Embed Frameworks */ = {isa = PBXBuildFile; fileRef = CE4D04CA24428405007675F2 /* VenueNextNetworkService.framework */; settings = {ATTRIBUTES = (CodeSignOnCopy, RemoveHeadersOnCopy, ); }; };
		CE4D04E72442840C007675F2 /* VenueNextOrderData.framework in Frameworks */ = {isa = PBXBuildFile; fileRef = CE4D04C624428405007675F2 /* VenueNextOrderData.framework */; };
		CE4D04E82442840C007675F2 /* VenueNextOrderData.framework in Embed Frameworks */ = {isa = PBXBuildFile; fileRef = CE4D04C624428405007675F2 /* VenueNextOrderData.framework */; settings = {ATTRIBUTES = (CodeSignOnCopy, RemoveHeadersOnCopy, ); }; };
		CE4D04E92442840C007675F2 /* VenueNextOrderService.framework in Frameworks */ = {isa = PBXBuildFile; fileRef = CE4D04CE24428405007675F2 /* VenueNextOrderService.framework */; };
		CE4D04EA2442840C007675F2 /* VenueNextOrderService.framework in Embed Frameworks */ = {isa = PBXBuildFile; fileRef = CE4D04CE24428405007675F2 /* VenueNextOrderService.framework */; settings = {ATTRIBUTES = (CodeSignOnCopy, RemoveHeadersOnCopy, ); }; };
		CE4D04EB2442840C007675F2 /* VenueNextOrderUI.framework in Frameworks */ = {isa = PBXBuildFile; fileRef = CE4D04CC24428405007675F2 /* VenueNextOrderUI.framework */; };
		CE4D04EC2442840C007675F2 /* VenueNextOrderUI.framework in Embed Frameworks */ = {isa = PBXBuildFile; fileRef = CE4D04CC24428405007675F2 /* VenueNextOrderUI.framework */; settings = {ATTRIBUTES = (CodeSignOnCopy, RemoveHeadersOnCopy, ); }; };
		CE4D04ED2442840C007675F2 /* VenueNextPayment.framework in Frameworks */ = {isa = PBXBuildFile; fileRef = CE4D04CD24428405007675F2 /* VenueNextPayment.framework */; };
		CE4D04EE2442840C007675F2 /* VenueNextPayment.framework in Embed Frameworks */ = {isa = PBXBuildFile; fileRef = CE4D04CD24428405007675F2 /* VenueNextPayment.framework */; settings = {ATTRIBUTES = (CodeSignOnCopy, RemoveHeadersOnCopy, ); }; };
		CE4D04EF2442840D007675F2 /* VenueNextWalletData.framework in Frameworks */ = {isa = PBXBuildFile; fileRef = CE4D04C524428405007675F2 /* VenueNextWalletData.framework */; };
		CE4D04F02442840D007675F2 /* VenueNextWalletData.framework in Embed Frameworks */ = {isa = PBXBuildFile; fileRef = CE4D04C524428405007675F2 /* VenueNextWalletData.framework */; settings = {ATTRIBUTES = (CodeSignOnCopy, RemoveHeadersOnCopy, ); }; };
		CE4D04F12442840D007675F2 /* VenueNextWalletService.framework in Frameworks */ = {isa = PBXBuildFile; fileRef = CE4D04D024428405007675F2 /* VenueNextWalletService.framework */; };
		CE4D04F22442840D007675F2 /* VenueNextWalletService.framework in Embed Frameworks */ = {isa = PBXBuildFile; fileRef = CE4D04D024428405007675F2 /* VenueNextWalletService.framework */; settings = {ATTRIBUTES = (CodeSignOnCopy, RemoveHeadersOnCopy, ); }; };
		CE4D04F32442840D007675F2 /* VenueNextWalletUI.framework in Frameworks */ = {isa = PBXBuildFile; fileRef = CE4D04CF24428405007675F2 /* VenueNextWalletUI.framework */; };
		CE4D04F42442840D007675F2 /* VenueNextWalletUI.framework in Embed Frameworks */ = {isa = PBXBuildFile; fileRef = CE4D04CF24428405007675F2 /* VenueNextWalletUI.framework */; settings = {ATTRIBUTES = (CodeSignOnCopy, RemoveHeadersOnCopy, ); }; };
/* End PBXBuildFile section */

/* Begin PBXCopyFilesBuildPhase section */
		AB8591B02398542A006D3175 /* Embed Frameworks */ = {
			isa = PBXCopyFilesBuildPhase;
			buildActionMask = 2147483647;
			dstPath = "";
			dstSubfolderSpec = 10;
			files = (
				AB8591A523985429006D3175 /* PayPalDataCollector.framework in Embed Frameworks */,
				AB8591A323985429006D3175 /* BraintreeUIKit.framework in Embed Frameworks */,
				CE4D04F02442840D007675F2 /* VenueNextWalletData.framework in Embed Frameworks */,
				AB8591A723985429006D3175 /* PayPalOneTouch.framework in Embed Frameworks */,
				CE4D04E42442840C007675F2 /* VenueNextLegacy.framework in Embed Frameworks */,
				CE4D04F42442840D007675F2 /* VenueNextWalletUI.framework in Embed Frameworks */,
				CE4D04E82442840C007675F2 /* VenueNextOrderData.framework in Embed Frameworks */,
				CE4D04C024428151007675F2 /* iosExperienceSDK.framework in Embed Frameworks */,
				CE4D04DE2442840C007675F2 /* VenueNextAnalytics.framework in Embed Frameworks */,
				AB8591A923985429006D3175 /* PayPalUtils.framework in Embed Frameworks */,
				AB85919723985429006D3175 /* BraintreeApplePay.framework in Embed Frameworks */,
				AB85919F23985429006D3175 /* BraintreePaymentFlow.framework in Embed Frameworks */,
				CE4D04E02442840C007675F2 /* VenueNextCore.framework in Embed Frameworks */,
				CE4D04C224428151007675F2 /* Presence.framework in Embed Frameworks */,
				CE4D04EC2442840C007675F2 /* VenueNextOrderUI.framework in Embed Frameworks */,
				AB85919D23985429006D3175 /* BraintreeDropIn.framework in Embed Frameworks */,
				CE4D04E62442840C007675F2 /* VenueNextNetworkService.framework in Embed Frameworks */,
				CE4D04F22442840D007675F2 /* VenueNextWalletService.framework in Embed Frameworks */,
				AB85919923985429006D3175 /* BraintreeCard.framework in Embed Frameworks */,
				CE4D04EE2442840C007675F2 /* VenueNextPayment.framework in Embed Frameworks */,
				AB8591A123985429006D3175 /* BraintreePayPal.framework in Embed Frameworks */,
				AB85919B23985429006D3175 /* BraintreeCore.framework in Embed Frameworks */,
				CE4D04E22442840C007675F2 /* VenueNextCoreUI.framework in Embed Frameworks */,
				CE4D04EA2442840C007675F2 /* VenueNextOrderService.framework in Embed Frameworks */,
				CE4D04C424428151007675F2 /* PresenceSDK.framework in Embed Frameworks */,
			);
			name = "Embed Frameworks";
			runOnlyForDeploymentPostprocessing = 0;
		};
/* End PBXCopyFilesBuildPhase section */

/* Begin PBXFileReference section */
		1A14B61523397F150071A6E4 /* PresenceController.swift */ = {isa = PBXFileReference; fileEncoding = 4; lastKnownFileType = sourcecode.swift; path = PresenceController.swift; sourceTree = "<group>"; };
		1A44F5B424325355006089F1 /* vn-sdk-config.json */ = {isa = PBXFileReference; fileEncoding = 4; lastKnownFileType = text.json; path = "vn-sdk-config.json"; sourceTree = "<group>"; };
		6580C7C1235EBDE400800A38 /* BraintreeDropIn.framework */ = {isa = PBXFileReference; lastKnownFileType = wrapper.framework; path = BraintreeDropIn.framework; sourceTree = "<group>"; };
		6580C7C2235EBDE400800A38 /* BraintreeCore.framework */ = {isa = PBXFileReference; lastKnownFileType = wrapper.framework; path = BraintreeCore.framework; sourceTree = "<group>"; };
		6580C7C3235EBDE400800A38 /* PayPalOneTouch.framework */ = {isa = PBXFileReference; lastKnownFileType = wrapper.framework; path = PayPalOneTouch.framework; sourceTree = "<group>"; };
		6580C7C4235EBDE400800A38 /* BraintreeApplePay.framework */ = {isa = PBXFileReference; lastKnownFileType = wrapper.framework; path = BraintreeApplePay.framework; sourceTree = "<group>"; };
		6580C7C5235EBDE400800A38 /* PayPalUtils.framework */ = {isa = PBXFileReference; lastKnownFileType = wrapper.framework; path = PayPalUtils.framework; sourceTree = "<group>"; };
		6580C7C6235EBDE400800A38 /* BraintreePayPal.framework */ = {isa = PBXFileReference; lastKnownFileType = wrapper.framework; path = BraintreePayPal.framework; sourceTree = "<group>"; };
		6580C7C7235EBDE400800A38 /* BraintreeCard.framework */ = {isa = PBXFileReference; lastKnownFileType = wrapper.framework; path = BraintreeCard.framework; sourceTree = "<group>"; };
		6580C7C8235EBDE400800A38 /* PayPalDataCollector.framework */ = {isa = PBXFileReference; lastKnownFileType = wrapper.framework; path = PayPalDataCollector.framework; sourceTree = "<group>"; };
		6580C7C9235EBDE400800A38 /* BraintreeUIKit.framework */ = {isa = PBXFileReference; lastKnownFileType = wrapper.framework; path = BraintreeUIKit.framework; sourceTree = "<group>"; };
		6580C7CA235EBDE400800A38 /* BraintreePaymentFlow.framework */ = {isa = PBXFileReference; lastKnownFileType = wrapper.framework; path = BraintreePaymentFlow.framework; sourceTree = "<group>"; };
		6594257522C23B7500BCA348 /* DeepLinkTableViewController.swift */ = {isa = PBXFileReference; fileEncoding = 4; lastKnownFileType = sourcecode.swift; path = DeepLinkTableViewController.swift; sourceTree = "<group>"; };
		6594257622C23B7500BCA348 /* DeepLinkTableViewController.xib */ = {isa = PBXFileReference; fileEncoding = 4; lastKnownFileType = file.xib; path = DeepLinkTableViewController.xib; sourceTree = "<group>"; };
		6594257922C2BD2100BCA348 /* LinkTableViewCell.swift */ = {isa = PBXFileReference; fileEncoding = 4; lastKnownFileType = sourcecode.swift; path = LinkTableViewCell.swift; sourceTree = "<group>"; };
		6594257A22C2BD2100BCA348 /* LinkTableViewCell.xib */ = {isa = PBXFileReference; fileEncoding = 4; lastKnownFileType = file.xib; path = LinkTableViewCell.xib; sourceTree = "<group>"; };
		AB2BCA8A228DB66400194A7A /* VenueNextSDK-Demo.app */ = {isa = PBXFileReference; explicitFileType = wrapper.application; includeInIndex = 0; path = "VenueNextSDK-Demo.app"; sourceTree = BUILT_PRODUCTS_DIR; };
		AB2BCA8D228DB66400194A7A /* AppDelegate.swift */ = {isa = PBXFileReference; lastKnownFileType = sourcecode.swift; path = AppDelegate.swift; sourceTree = "<group>"; };
		AB2BCA94228DB66700194A7A /* Assets.xcassets */ = {isa = PBXFileReference; lastKnownFileType = folder.assetcatalog; path = Assets.xcassets; sourceTree = "<group>"; };
		AB2BCA97228DB66700194A7A /* Base */ = {isa = PBXFileReference; lastKnownFileType = file.storyboard; name = Base; path = Base.lproj/LaunchScreen.storyboard; sourceTree = "<group>"; };
		AB2BCA99228DB66700194A7A /* Info.plist */ = {isa = PBXFileReference; lastKnownFileType = text.plist.xml; path = Info.plist; sourceTree = "<group>"; };
		AB5987C922B43CAC003E159A /* Analytics.swift */ = {isa = PBXFileReference; lastKnownFileType = sourcecode.swift; path = Analytics.swift; sourceTree = "<group>"; };
		AB6E2354228DCB4800EDD290 /* TabBarController.swift */ = {isa = PBXFileReference; lastKnownFileType = sourcecode.swift; path = TabBarController.swift; sourceTree = "<group>"; };
		AB6E2356228DCD1800EDD290 /* PaymentAdapter.swift */ = {isa = PBXFileReference; lastKnownFileType = sourcecode.swift; path = PaymentAdapter.swift; sourceTree = "<group>"; };
		ABC68E72230EF7F500F41B01 /* ObjCTabBarController.m */ = {isa = PBXFileReference; fileEncoding = 4; lastKnownFileType = sourcecode.c.objc; path = ObjCTabBarController.m; sourceTree = "<group>"; };
		ABC68E73230EF7F500F41B01 /* ObjCConfiguration.m */ = {isa = PBXFileReference; fileEncoding = 4; lastKnownFileType = sourcecode.c.objc; path = ObjCConfiguration.m; sourceTree = "<group>"; };
		ABC68E74230EF7F500F41B01 /* ObjCTabBarController.h */ = {isa = PBXFileReference; fileEncoding = 4; lastKnownFileType = sourcecode.c.h; path = ObjCTabBarController.h; sourceTree = "<group>"; };
		ABC68E76230EF7F500F41B01 /* DemoViewController.h */ = {isa = PBXFileReference; fileEncoding = 4; lastKnownFileType = sourcecode.c.h; path = DemoViewController.h; sourceTree = "<group>"; };
		ABC68E77230EF7F500F41B01 /* DemoViewController.xib */ = {isa = PBXFileReference; fileEncoding = 4; lastKnownFileType = file.xib; path = DemoViewController.xib; sourceTree = "<group>"; };
		ABC68E78230EF7F500F41B01 /* DemoViewController.m */ = {isa = PBXFileReference; fileEncoding = 4; lastKnownFileType = sourcecode.c.objc; path = DemoViewController.m; sourceTree = "<group>"; };
		ABC68E79230EF7F500F41B01 /* ObjCConfiguration.h */ = {isa = PBXFileReference; fileEncoding = 4; lastKnownFileType = sourcecode.c.h; path = ObjCConfiguration.h; sourceTree = "<group>"; };
		ABC68E80230EF97F00F41B01 /* Appearance.swift */ = {isa = PBXFileReference; fileEncoding = 4; lastKnownFileType = sourcecode.swift; path = Appearance.swift; sourceTree = "<group>"; };
		ABC68E84230EFB7400F41B01 /* VenueNextSDK_Demo-Bridging-Header.h */ = {isa = PBXFileReference; lastKnownFileType = sourcecode.c.h; path = "VenueNextSDK_Demo-Bridging-Header.h"; sourceTree = "<group>"; };
		CE4D04B924428149007675F2 /* PresenceSDK.framework */ = {isa = PBXFileReference; lastKnownFileType = wrapper.framework; path = PresenceSDK.framework; sourceTree = "<group>"; };
		CE4D04BA24428149007675F2 /* iosExperienceSDK.framework */ = {isa = PBXFileReference; lastKnownFileType = wrapper.framework; path = iosExperienceSDK.framework; sourceTree = "<group>"; };
		CE4D04BB24428149007675F2 /* Presence.framework */ = {isa = PBXFileReference; lastKnownFileType = wrapper.framework; path = Presence.framework; sourceTree = "<group>"; };
		CE4D04C524428405007675F2 /* VenueNextWalletData.framework */ = {isa = PBXFileReference; lastKnownFileType = wrapper.framework; path = VenueNextWalletData.framework; sourceTree = "<group>"; };
		CE4D04C624428405007675F2 /* VenueNextOrderData.framework */ = {isa = PBXFileReference; lastKnownFileType = wrapper.framework; path = VenueNextOrderData.framework; sourceTree = "<group>"; };
		CE4D04C724428405007675F2 /* VenueNextCoreUI.framework */ = {isa = PBXFileReference; lastKnownFileType = wrapper.framework; path = VenueNextCoreUI.framework; sourceTree = "<group>"; };
		CE4D04C824428405007675F2 /* VenueNextAnalytics.framework */ = {isa = PBXFileReference; lastKnownFileType = wrapper.framework; path = VenueNextAnalytics.framework; sourceTree = "<group>"; };
		CE4D04C924428405007675F2 /* VenueNextLegacy.framework */ = {isa = PBXFileReference; lastKnownFileType = wrapper.framework; path = VenueNextLegacy.framework; sourceTree = "<group>"; };
		CE4D04CA24428405007675F2 /* VenueNextNetworkService.framework */ = {isa = PBXFileReference; lastKnownFileType = wrapper.framework; path = VenueNextNetworkService.framework; sourceTree = "<group>"; };
		CE4D04CB24428405007675F2 /* VenueNextCore.framework */ = {isa = PBXFileReference; lastKnownFileType = wrapper.framework; path = VenueNextCore.framework; sourceTree = "<group>"; };
		CE4D04CC24428405007675F2 /* VenueNextOrderUI.framework */ = {isa = PBXFileReference; lastKnownFileType = wrapper.framework; path = VenueNextOrderUI.framework; sourceTree = "<group>"; };
		CE4D04CD24428405007675F2 /* VenueNextPayment.framework */ = {isa = PBXFileReference; lastKnownFileType = wrapper.framework; path = VenueNextPayment.framework; sourceTree = "<group>"; };
		CE4D04CE24428405007675F2 /* VenueNextOrderService.framework */ = {isa = PBXFileReference; lastKnownFileType = wrapper.framework; path = VenueNextOrderService.framework; sourceTree = "<group>"; };
		CE4D04CF24428405007675F2 /* VenueNextWalletUI.framework */ = {isa = PBXFileReference; lastKnownFileType = wrapper.framework; path = VenueNextWalletUI.framework; sourceTree = "<group>"; };
		CE4D04D024428405007675F2 /* VenueNextWalletService.framework */ = {isa = PBXFileReference; lastKnownFileType = wrapper.framework; path = VenueNextWalletService.framework; sourceTree = "<group>"; };
/* End PBXFileReference section */

/* Begin PBXFrameworksBuildPhase section */
		AB2BCA87228DB66400194A7A /* Frameworks */ = {
			isa = PBXFrameworksBuildPhase;
			buildActionMask = 2147483647;
			files = (
				AB8591A423985429006D3175 /* PayPalDataCollector.framework in Frameworks */,
				AB8591A223985429006D3175 /* BraintreeUIKit.framework in Frameworks */,
				CE4D04DF2442840C007675F2 /* VenueNextCore.framework in Frameworks */,
				AB8591A623985429006D3175 /* PayPalOneTouch.framework in Frameworks */,
				CE4D04C124428151007675F2 /* Presence.framework in Frameworks */,
				CE4D04F32442840D007675F2 /* VenueNextWalletUI.framework in Frameworks */,
				CE4D04F12442840D007675F2 /* VenueNextWalletService.framework in Frameworks */,
				AB8591A823985429006D3175 /* PayPalUtils.framework in Frameworks */,
				CE4D04E72442840C007675F2 /* VenueNextOrderData.framework in Frameworks */,
				CE4D04E52442840C007675F2 /* VenueNextNetworkService.framework in Frameworks */,
				AB85919623985429006D3175 /* BraintreeApplePay.framework in Frameworks */,
				AB85919E23985429006D3175 /* BraintreePaymentFlow.framework in Frameworks */,
				AB85919C23985429006D3175 /* BraintreeDropIn.framework in Frameworks */,
				CE4D04E12442840C007675F2 /* VenueNextCoreUI.framework in Frameworks */,
				CE4D04DD2442840C007675F2 /* VenueNextAnalytics.framework in Frameworks */,
				CE4D04BF24428151007675F2 /* iosExperienceSDK.framework in Frameworks */,
				AB85919823985429006D3175 /* BraintreeCard.framework in Frameworks */,
				AB8591A023985429006D3175 /* BraintreePayPal.framework in Frameworks */,
				CE4D04E32442840C007675F2 /* VenueNextLegacy.framework in Frameworks */,
				AB85919A23985429006D3175 /* BraintreeCore.framework in Frameworks */,
				CE4D04EB2442840C007675F2 /* VenueNextOrderUI.framework in Frameworks */,
				CE4D04E92442840C007675F2 /* VenueNextOrderService.framework in Frameworks */,
				CE4D04EF2442840D007675F2 /* VenueNextWalletData.framework in Frameworks */,
				CE4D04ED2442840C007675F2 /* VenueNextPayment.framework in Frameworks */,
				CE4D04C324428151007675F2 /* PresenceSDK.framework in Frameworks */,
			);
			runOnlyForDeploymentPostprocessing = 0;
		};
/* End PBXFrameworksBuildPhase section */

/* Begin PBXGroup section */
		65E2C6E3233EDE310096C1F9 /* Views */ = {
			isa = PBXGroup;
			children = (
				6594257922C2BD2100BCA348 /* LinkTableViewCell.swift */,
				6594257A22C2BD2100BCA348 /* LinkTableViewCell.xib */,
			);
			path = Views;
			sourceTree = "<group>";
		};
		65E2C6E4233EDEFF0096C1F9 /* Controllers */ = {
			isa = PBXGroup;
			children = (
				6594257522C23B7500BCA348 /* DeepLinkTableViewController.swift */,
				6594257622C23B7500BCA348 /* DeepLinkTableViewController.xib */,
				AB6E2354228DCB4800EDD290 /* TabBarController.swift */,
				1A14B61523397F150071A6E4 /* PresenceController.swift */,
			);
			path = Controllers;
			sourceTree = "<group>";
		};
		65E2C6E6233EE5C50096C1F9 /* Adapters */ = {
			isa = PBXGroup;
			children = (
				AB5987C922B43CAC003E159A /* Analytics.swift */,
				AB6E2356228DCD1800EDD290 /* PaymentAdapter.swift */,
			);
			path = Adapters;
			sourceTree = "<group>";
		};
		65E2C6E72340463F0096C1F9 /* Helpers */ = {
			isa = PBXGroup;
			children = (
				ABC68E80230EF97F00F41B01 /* Appearance.swift */,
			);
			path = Helpers;
			sourceTree = "<group>";
		};
		AB2BCA81228DB66400194A7A = {
			isa = PBXGroup;
			children = (
				AB2BCA8C228DB66400194A7A /* VenueNextSDK-Demo */,
				AB2BCA8B228DB66400194A7A /* Products */,
				CE4D046E24427DB3007675F2 /* Frameworks */,
			);
			sourceTree = "<group>";
		};
		AB2BCA8B228DB66400194A7A /* Products */ = {
			isa = PBXGroup;
			children = (
				AB2BCA8A228DB66400194A7A /* VenueNextSDK-Demo.app */,
			);
			name = Products;
			sourceTree = "<group>";
		};
		AB2BCA8C228DB66400194A7A /* VenueNextSDK-Demo */ = {
			isa = PBXGroup;
			children = (
				1A44F5B424325355006089F1 /* vn-sdk-config.json */,
				AB2BCA8D228DB66400194A7A /* AppDelegate.swift */,
				65E2C6E72340463F0096C1F9 /* Helpers */,
				65E2C6E4233EDEFF0096C1F9 /* Controllers */,
				65E2C6E6233EE5C50096C1F9 /* Adapters */,
				65E2C6E3233EDE310096C1F9 /* Views */,
				AB2BCA94228DB66700194A7A /* Assets.xcassets */,
				AB2BCA96228DB66700194A7A /* LaunchScreen.storyboard */,
				AB2BCA99228DB66700194A7A /* Info.plist */,
				ABC68E84230EFB7400F41B01 /* VenueNextSDK_Demo-Bridging-Header.h */,
				ABC68E71230EF7F500F41B01 /* ObjC */,
				AB6E2342228DCA2D00EDD290 /* Frameworks */,
			);
			path = "VenueNextSDK-Demo";
			sourceTree = "<group>";
		};
		AB6E2342228DCA2D00EDD290 /* Frameworks */ = {
			isa = PBXGroup;
			children = (
				CE4D04C824428405007675F2 /* VenueNextAnalytics.framework */,
				CE4D04CB24428405007675F2 /* VenueNextCore.framework */,
				CE4D04C724428405007675F2 /* VenueNextCoreUI.framework */,
				CE4D04C924428405007675F2 /* VenueNextLegacy.framework */,
				CE4D04CA24428405007675F2 /* VenueNextNetworkService.framework */,
				CE4D04C624428405007675F2 /* VenueNextOrderData.framework */,
				CE4D04CE24428405007675F2 /* VenueNextOrderService.framework */,
				CE4D04CC24428405007675F2 /* VenueNextOrderUI.framework */,
				CE4D04CD24428405007675F2 /* VenueNextPayment.framework */,
				CE4D04C524428405007675F2 /* VenueNextWalletData.framework */,
				CE4D04D024428405007675F2 /* VenueNextWalletService.framework */,
				CE4D04CF24428405007675F2 /* VenueNextWalletUI.framework */,
				CE4D04BA24428149007675F2 /* iosExperienceSDK.framework */,
				CE4D04BB24428149007675F2 /* Presence.framework */,
				CE4D04B924428149007675F2 /* PresenceSDK.framework */,
				6580C7C4235EBDE400800A38 /* BraintreeApplePay.framework */,
				6580C7C7235EBDE400800A38 /* BraintreeCard.framework */,
				6580C7C2235EBDE400800A38 /* BraintreeCore.framework */,
				6580C7C1235EBDE400800A38 /* BraintreeDropIn.framework */,
				6580C7CA235EBDE400800A38 /* BraintreePaymentFlow.framework */,
				6580C7C6235EBDE400800A38 /* BraintreePayPal.framework */,
				6580C7C9235EBDE400800A38 /* BraintreeUIKit.framework */,
				6580C7C8235EBDE400800A38 /* PayPalDataCollector.framework */,
				6580C7C3235EBDE400800A38 /* PayPalOneTouch.framework */,
				6580C7C5235EBDE400800A38 /* PayPalUtils.framework */,
			);
			path = Frameworks;
			sourceTree = "<group>";
		};
		ABC68E71230EF7F500F41B01 /* ObjC */ = {
			isa = PBXGroup;
			children = (
				ABC68E72230EF7F500F41B01 /* ObjCTabBarController.m */,
				ABC68E74230EF7F500F41B01 /* ObjCTabBarController.h */,
				ABC68E73230EF7F500F41B01 /* ObjCConfiguration.m */,
				ABC68E79230EF7F500F41B01 /* ObjCConfiguration.h */,
				ABC68E75230EF7F500F41B01 /* DemoViewController */,
			);
			path = ObjC;
			sourceTree = "<group>";
		};
		ABC68E75230EF7F500F41B01 /* DemoViewController */ = {
			isa = PBXGroup;
			children = (
				ABC68E76230EF7F500F41B01 /* DemoViewController.h */,
				ABC68E77230EF7F500F41B01 /* DemoViewController.xib */,
				ABC68E78230EF7F500F41B01 /* DemoViewController.m */,
			);
			path = DemoViewController;
			sourceTree = "<group>";
		};
		CE4D046E24427DB3007675F2 /* Frameworks */ = {
			isa = PBXGroup;
			children = (
			);
			name = Frameworks;
			sourceTree = "<group>";
		};
/* End PBXGroup section */

/* Begin PBXNativeTarget section */
		AB2BCA89228DB66400194A7A /* VenueNextSDK-Demo */ = {
			isa = PBXNativeTarget;
			buildConfigurationList = AB2BCA9C228DB66700194A7A /* Build configuration list for PBXNativeTarget "VenueNextSDK-Demo" */;
			buildPhases = (
				AB2BCA86228DB66400194A7A /* Sources */,
				AB2BCA87228DB66400194A7A /* Frameworks */,
				AB2BCA88228DB66400194A7A /* Resources */,
				AB8591B02398542A006D3175 /* Embed Frameworks */,
				AB44592F23830E180037E216 /* ShellScript */,
			);
			buildRules = (
			);
			dependencies = (
			);
			name = "VenueNextSDK-Demo";
			productName = "VenueNextSDK-Demo";
			productReference = AB2BCA8A228DB66400194A7A /* VenueNextSDK-Demo.app */;
			productType = "com.apple.product-type.application";
		};
/* End PBXNativeTarget section */

/* Begin PBXProject section */
		AB2BCA82228DB66400194A7A /* Project object */ = {
			isa = PBXProject;
			attributes = {
				LastSwiftUpdateCheck = 1010;
				LastUpgradeCheck = 1030;
				ORGANIZATIONNAME = "VenueNext, Inc.";
				TargetAttributes = {
					AB2BCA89228DB66400194A7A = {
						CreatedOnToolsVersion = 10.1;
						LastSwiftMigration = 1030;
					};
				};
			};
			buildConfigurationList = AB2BCA85228DB66400194A7A /* Build configuration list for PBXProject "VenueNextSDK-Demo" */;
			compatibilityVersion = "Xcode 9.3";
			developmentRegion = en;
			hasScannedForEncodings = 0;
			knownRegions = (
				en,
				Base,
			);
			mainGroup = AB2BCA81228DB66400194A7A;
			productRefGroup = AB2BCA8B228DB66400194A7A /* Products */;
			projectDirPath = "";
			projectRoot = "";
			targets = (
				AB2BCA89228DB66400194A7A /* VenueNextSDK-Demo */,
			);
		};
/* End PBXProject section */

/* Begin PBXResourcesBuildPhase section */
		AB2BCA88228DB66400194A7A /* Resources */ = {
			isa = PBXResourcesBuildPhase;
			buildActionMask = 2147483647;
			files = (
				6594257C22C2BD2200BCA348 /* LinkTableViewCell.xib in Resources */,
				ABC68E7D230EF7F500F41B01 /* DemoViewController.xib in Resources */,
				AB2BCA98228DB66700194A7A /* LaunchScreen.storyboard in Resources */,
				AB2BCA95228DB66700194A7A /* Assets.xcassets in Resources */,
				1A44F5B524325355006089F1 /* vn-sdk-config.json in Resources */,
				6594257822C23B7500BCA348 /* DeepLinkTableViewController.xib in Resources */,
			);
			runOnlyForDeploymentPostprocessing = 0;
		};
/* End PBXResourcesBuildPhase section */

/* Begin PBXShellScriptBuildPhase section */
		AB44592F23830E180037E216 /* ShellScript */ = {
			isa = PBXShellScriptBuildPhase;
			buildActionMask = 2147483647;
			files = (
			);
			inputFileListPaths = (
			);
			inputPaths = (
			);
			outputFileListPaths = (
			);
			outputPaths = (
			);
			runOnlyForDeploymentPostprocessing = 0;
			shellPath = /bin/sh;
			shellScript = "./scripts/strip-frameworks.sh\n";
		};
/* End PBXShellScriptBuildPhase section */

/* Begin PBXSourcesBuildPhase section */
		AB2BCA86228DB66400194A7A /* Sources */ = {
			isa = PBXSourcesBuildPhase;
			buildActionMask = 2147483647;
			files = (
				ABC68E7B230EF7F500F41B01 /* ObjCTabBarController.m in Sources */,
				AB6E2355228DCB4800EDD290 /* TabBarController.swift in Sources */,
				AB6E2357228DCD1800EDD290 /* PaymentAdapter.swift in Sources */,
				AB5987CA22B43CAC003E159A /* Analytics.swift in Sources */,
				ABC68E7C230EF7F500F41B01 /* ObjCConfiguration.m in Sources */,
				AB2BCA8E228DB66400194A7A /* AppDelegate.swift in Sources */,
				ABC68E7E230EF7F500F41B01 /* DemoViewController.m in Sources */,
				ABC68E81230EF97F00F41B01 /* Appearance.swift in Sources */,
				1A14B61623397F160071A6E4 /* PresenceController.swift in Sources */,
				6594257722C23B7500BCA348 /* DeepLinkTableViewController.swift in Sources */,
				6594257B22C2BD2200BCA348 /* LinkTableViewCell.swift in Sources */,
			);
			runOnlyForDeploymentPostprocessing = 0;
		};
/* End PBXSourcesBuildPhase section */

/* Begin PBXVariantGroup section */
		AB2BCA96228DB66700194A7A /* LaunchScreen.storyboard */ = {
			isa = PBXVariantGroup;
			children = (
				AB2BCA97228DB66700194A7A /* Base */,
			);
			name = LaunchScreen.storyboard;
			sourceTree = "<group>";
		};
/* End PBXVariantGroup section */

/* Begin XCBuildConfiguration section */
		AB2BCA9A228DB66700194A7A /* Debug */ = {
			isa = XCBuildConfiguration;
			buildSettings = {
				ALWAYS_SEARCH_USER_PATHS = NO;
				CLANG_ANALYZER_NONNULL = YES;
				CLANG_ANALYZER_NUMBER_OBJECT_CONVERSION = YES_AGGRESSIVE;
				CLANG_CXX_LANGUAGE_STANDARD = "gnu++14";
				CLANG_CXX_LIBRARY = "libc++";
				CLANG_ENABLE_MODULES = YES;
				CLANG_ENABLE_OBJC_ARC = YES;
				CLANG_ENABLE_OBJC_WEAK = YES;
				CLANG_WARN_BLOCK_CAPTURE_AUTORELEASING = YES;
				CLANG_WARN_BOOL_CONVERSION = YES;
				CLANG_WARN_COMMA = YES;
				CLANG_WARN_CONSTANT_CONVERSION = YES;
				CLANG_WARN_DEPRECATED_OBJC_IMPLEMENTATIONS = YES;
				CLANG_WARN_DIRECT_OBJC_ISA_USAGE = YES_ERROR;
				CLANG_WARN_DOCUMENTATION_COMMENTS = YES;
				CLANG_WARN_EMPTY_BODY = YES;
				CLANG_WARN_ENUM_CONVERSION = YES;
				CLANG_WARN_INFINITE_RECURSION = YES;
				CLANG_WARN_INT_CONVERSION = YES;
				CLANG_WARN_NON_LITERAL_NULL_CONVERSION = YES;
				CLANG_WARN_OBJC_IMPLICIT_RETAIN_SELF = YES;
				CLANG_WARN_OBJC_LITERAL_CONVERSION = YES;
				CLANG_WARN_OBJC_ROOT_CLASS = YES_ERROR;
				CLANG_WARN_RANGE_LOOP_ANALYSIS = YES;
				CLANG_WARN_STRICT_PROTOTYPES = YES;
				CLANG_WARN_SUSPICIOUS_MOVE = YES;
				CLANG_WARN_UNGUARDED_AVAILABILITY = YES_AGGRESSIVE;
				CLANG_WARN_UNREACHABLE_CODE = YES;
				CLANG_WARN__DUPLICATE_METHOD_MATCH = YES;
				CODE_SIGN_IDENTITY = "iPhone Developer";
				COPY_PHASE_STRIP = NO;
				DEBUG_INFORMATION_FORMAT = dwarf;
				ENABLE_STRICT_OBJC_MSGSEND = YES;
				ENABLE_TESTABILITY = YES;
				GCC_C_LANGUAGE_STANDARD = gnu11;
				GCC_DYNAMIC_NO_PIC = NO;
				GCC_NO_COMMON_BLOCKS = YES;
				GCC_OPTIMIZATION_LEVEL = 0;
				GCC_PREPROCESSOR_DEFINITIONS = (
					"DEBUG=1",
					"$(inherited)",
				);
				GCC_WARN_64_TO_32_BIT_CONVERSION = YES;
				GCC_WARN_ABOUT_RETURN_TYPE = YES_ERROR;
				GCC_WARN_UNDECLARED_SELECTOR = YES;
				GCC_WARN_UNINITIALIZED_AUTOS = YES_AGGRESSIVE;
				GCC_WARN_UNUSED_FUNCTION = YES;
				GCC_WARN_UNUSED_VARIABLE = YES;
				IPHONEOS_DEPLOYMENT_TARGET = 12.1;
				MTL_ENABLE_DEBUG_INFO = INCLUDE_SOURCE;
				MTL_FAST_MATH = YES;
				ONLY_ACTIVE_ARCH = YES;
				SDKROOT = iphoneos;
				SWIFT_ACTIVE_COMPILATION_CONDITIONS = DEBUG;
				SWIFT_OPTIMIZATION_LEVEL = "-Onone";
			};
			name = Debug;
		};
		AB2BCA9B228DB66700194A7A /* Release */ = {
			isa = XCBuildConfiguration;
			buildSettings = {
				ALWAYS_SEARCH_USER_PATHS = NO;
				CLANG_ANALYZER_NONNULL = YES;
				CLANG_ANALYZER_NUMBER_OBJECT_CONVERSION = YES_AGGRESSIVE;
				CLANG_CXX_LANGUAGE_STANDARD = "gnu++14";
				CLANG_CXX_LIBRARY = "libc++";
				CLANG_ENABLE_MODULES = YES;
				CLANG_ENABLE_OBJC_ARC = YES;
				CLANG_ENABLE_OBJC_WEAK = YES;
				CLANG_WARN_BLOCK_CAPTURE_AUTORELEASING = YES;
				CLANG_WARN_BOOL_CONVERSION = YES;
				CLANG_WARN_COMMA = YES;
				CLANG_WARN_CONSTANT_CONVERSION = YES;
				CLANG_WARN_DEPRECATED_OBJC_IMPLEMENTATIONS = YES;
				CLANG_WARN_DIRECT_OBJC_ISA_USAGE = YES_ERROR;
				CLANG_WARN_DOCUMENTATION_COMMENTS = YES;
				CLANG_WARN_EMPTY_BODY = YES;
				CLANG_WARN_ENUM_CONVERSION = YES;
				CLANG_WARN_INFINITE_RECURSION = YES;
				CLANG_WARN_INT_CONVERSION = YES;
				CLANG_WARN_NON_LITERAL_NULL_CONVERSION = YES;
				CLANG_WARN_OBJC_IMPLICIT_RETAIN_SELF = YES;
				CLANG_WARN_OBJC_LITERAL_CONVERSION = YES;
				CLANG_WARN_OBJC_ROOT_CLASS = YES_ERROR;
				CLANG_WARN_RANGE_LOOP_ANALYSIS = YES;
				CLANG_WARN_STRICT_PROTOTYPES = YES;
				CLANG_WARN_SUSPICIOUS_MOVE = YES;
				CLANG_WARN_UNGUARDED_AVAILABILITY = YES_AGGRESSIVE;
				CLANG_WARN_UNREACHABLE_CODE = YES;
				CLANG_WARN__DUPLICATE_METHOD_MATCH = YES;
				CODE_SIGN_IDENTITY = "iPhone Developer";
				COPY_PHASE_STRIP = NO;
				DEBUG_INFORMATION_FORMAT = "dwarf-with-dsym";
				ENABLE_NS_ASSERTIONS = NO;
				ENABLE_STRICT_OBJC_MSGSEND = YES;
				GCC_C_LANGUAGE_STANDARD = gnu11;
				GCC_NO_COMMON_BLOCKS = YES;
				GCC_WARN_64_TO_32_BIT_CONVERSION = YES;
				GCC_WARN_ABOUT_RETURN_TYPE = YES_ERROR;
				GCC_WARN_UNDECLARED_SELECTOR = YES;
				GCC_WARN_UNINITIALIZED_AUTOS = YES_AGGRESSIVE;
				GCC_WARN_UNUSED_FUNCTION = YES;
				GCC_WARN_UNUSED_VARIABLE = YES;
				IPHONEOS_DEPLOYMENT_TARGET = 12.1;
				MTL_ENABLE_DEBUG_INFO = NO;
				MTL_FAST_MATH = YES;
				SDKROOT = iphoneos;
				SWIFT_COMPILATION_MODE = wholemodule;
				SWIFT_OPTIMIZATION_LEVEL = "-O";
				VALIDATE_PRODUCT = YES;
			};
			name = Release;
		};
		AB2BCA9D228DB66700194A7A /* Debug */ = {
			isa = XCBuildConfiguration;
			buildSettings = {
				ASSETCATALOG_COMPILER_APPICON_NAME = AppIcon;
				CODE_SIGN_IDENTITY = "iPhone Developer";
				CODE_SIGN_STYLE = Automatic;
				CURRENT_PROJECT_VERSION = 172;
				DEVELOPMENT_TEAM = 4DL8PZB55U;
				FRAMEWORK_SEARCH_PATHS = (
					"$(inherited)",
					"$(PROJECT_DIR)",
					"$(PROJECT_DIR)/VenueNextSDK-Demo/Frameworks",
				);
				INFOPLIST_FILE = "VenueNextSDK-Demo/Info.plist";
				IPHONEOS_DEPLOYMENT_TARGET = 11.0;
				LD_RUNPATH_SEARCH_PATHS = (
					"$(inherited)",
					"@executable_path/Frameworks",
				);
				PRODUCT_BUNDLE_IDENTIFIER = com.venuenext.demoapp;
				PRODUCT_NAME = "$(TARGET_NAME)";
				PROVISIONING_PROFILE_SPECIFIER = "";
				SWIFT_OBJC_BRIDGING_HEADER = "$(SRCROOT)/$(PROJECT_NAME)/$(SWIFT_MODULE_NAME)-Bridging-Header.h";
				SWIFT_PRECOMPILE_BRIDGING_HEADER = YES;
				SWIFT_VERSION = 5.0;
				TARGETED_DEVICE_FAMILY = "1,2";
			};
			name = Debug;
		};
		AB2BCA9E228DB66700194A7A /* Release */ = {
			isa = XCBuildConfiguration;
			buildSettings = {
				ASSETCATALOG_COMPILER_APPICON_NAME = AppIcon;
				CODE_SIGN_IDENTITY = "iPhone Developer";
				CODE_SIGN_STYLE = Automatic;
				CURRENT_PROJECT_VERSION = 172;
				DEVELOPMENT_TEAM = 4DL8PZB55U;
				FRAMEWORK_SEARCH_PATHS = (
					"$(inherited)",
					"$(PROJECT_DIR)",
					"$(PROJECT_DIR)/VenueNextSDK-Demo/Frameworks",
				);
				INFOPLIST_FILE = "VenueNextSDK-Demo/Info.plist";
				IPHONEOS_DEPLOYMENT_TARGET = 11.0;
				LD_RUNPATH_SEARCH_PATHS = (
					"$(inherited)",
					"@executable_path/Frameworks",
				);
				PRODUCT_BUNDLE_IDENTIFIER = com.venuenext.demoapp;
				PRODUCT_NAME = "$(TARGET_NAME)";
				PROVISIONING_PROFILE_SPECIFIER = "";
				SWIFT_OBJC_BRIDGING_HEADER = "$(SRCROOT)/$(PROJECT_NAME)/$(SWIFT_MODULE_NAME)-Bridging-Header.h";
				SWIFT_PRECOMPILE_BRIDGING_HEADER = YES;
				SWIFT_VERSION = 5.0;
				TARGETED_DEVICE_FAMILY = "1,2";
			};
			name = Release;
		};
/* End XCBuildConfiguration section */

/* Begin XCConfigurationList section */
		AB2BCA85228DB66400194A7A /* Build configuration list for PBXProject "VenueNextSDK-Demo" */ = {
			isa = XCConfigurationList;
			buildConfigurations = (
				AB2BCA9A228DB66700194A7A /* Debug */,
				AB2BCA9B228DB66700194A7A /* Release */,
			);
			defaultConfigurationIsVisible = 0;
			defaultConfigurationName = Release;
		};
		AB2BCA9C228DB66700194A7A /* Build configuration list for PBXNativeTarget "VenueNextSDK-Demo" */ = {
			isa = XCConfigurationList;
			buildConfigurations = (
				AB2BCA9D228DB66700194A7A /* Debug */,
				AB2BCA9E228DB66700194A7A /* Release */,
			);
			defaultConfigurationIsVisible = 0;
			defaultConfigurationName = Release;
		};
/* End XCConfigurationList section */
	};
	rootObject = AB2BCA82228DB66400194A7A /* Project object */;
}
