// !$*UTF8*$!
{
	archiveVersion = 1;
	classes = {
	};
	objectVersion = 50;
	objects = {

/* Begin PBXBuildFile section */
		1A14B5F923397C170071A6E4 /* VNAnalytics.framework in Frameworks */ = {isa = PBXBuildFile; fileRef = 1A14B5EB23397C100071A6E4 /* VNAnalytics.framework */; };
		1A14B5FA23397C170071A6E4 /* VNAnalytics.framework in Embed Frameworks */ = {isa = PBXBuildFile; fileRef = 1A14B5EB23397C100071A6E4 /* VNAnalytics.framework */; settings = {ATTRIBUTES = (CodeSignOnCopy, RemoveHeadersOnCopy, ); }; };
		1A14B5FB23397C170071A6E4 /* VNCore.framework in Frameworks */ = {isa = PBXBuildFile; fileRef = 1A14B5E823397C100071A6E4 /* VNCore.framework */; };
		1A14B5FC23397C170071A6E4 /* VNCore.framework in Embed Frameworks */ = {isa = PBXBuildFile; fileRef = 1A14B5E823397C100071A6E4 /* VNCore.framework */; settings = {ATTRIBUTES = (CodeSignOnCopy, RemoveHeadersOnCopy, ); }; };
		1A14B5FD23397C170071A6E4 /* VNCoreUI.framework in Frameworks */ = {isa = PBXBuildFile; fileRef = 1A14B5E223397C0F0071A6E4 /* VNCoreUI.framework */; };
		1A14B5FE23397C170071A6E4 /* VNCoreUI.framework in Embed Frameworks */ = {isa = PBXBuildFile; fileRef = 1A14B5E223397C0F0071A6E4 /* VNCoreUI.framework */; settings = {ATTRIBUTES = (CodeSignOnCopy, RemoveHeadersOnCopy, ); }; };
		1A14B5FF23397C170071A6E4 /* VNLegacy.framework in Frameworks */ = {isa = PBXBuildFile; fileRef = 1A14B5EA23397C100071A6E4 /* VNLegacy.framework */; };
		1A14B60023397C170071A6E4 /* VNLegacy.framework in Embed Frameworks */ = {isa = PBXBuildFile; fileRef = 1A14B5EA23397C100071A6E4 /* VNLegacy.framework */; settings = {ATTRIBUTES = (CodeSignOnCopy, RemoveHeadersOnCopy, ); }; };
		1A14B60123397C170071A6E4 /* VNNetworkService.framework in Frameworks */ = {isa = PBXBuildFile; fileRef = 1A14B5E323397C0F0071A6E4 /* VNNetworkService.framework */; };
		1A14B60223397C170071A6E4 /* VNNetworkService.framework in Embed Frameworks */ = {isa = PBXBuildFile; fileRef = 1A14B5E323397C0F0071A6E4 /* VNNetworkService.framework */; settings = {ATTRIBUTES = (CodeSignOnCopy, RemoveHeadersOnCopy, ); }; };
		1A14B60323397C170071A6E4 /* VNOrderData.framework in Frameworks */ = {isa = PBXBuildFile; fileRef = 1A14B5E423397C0F0071A6E4 /* VNOrderData.framework */; };
		1A14B60423397C170071A6E4 /* VNOrderData.framework in Embed Frameworks */ = {isa = PBXBuildFile; fileRef = 1A14B5E423397C0F0071A6E4 /* VNOrderData.framework */; settings = {ATTRIBUTES = (CodeSignOnCopy, RemoveHeadersOnCopy, ); }; };
		1A14B60523397C170071A6E4 /* VNOrderService.framework in Frameworks */ = {isa = PBXBuildFile; fileRef = 1A14B5EC23397C100071A6E4 /* VNOrderService.framework */; };
		1A14B60623397C170071A6E4 /* VNOrderService.framework in Embed Frameworks */ = {isa = PBXBuildFile; fileRef = 1A14B5EC23397C100071A6E4 /* VNOrderService.framework */; settings = {ATTRIBUTES = (CodeSignOnCopy, RemoveHeadersOnCopy, ); }; };
		1A14B60723397C170071A6E4 /* VNOrderUI.framework in Frameworks */ = {isa = PBXBuildFile; fileRef = 1A14B5E523397C100071A6E4 /* VNOrderUI.framework */; };
		1A14B60823397C170071A6E4 /* VNOrderUI.framework in Embed Frameworks */ = {isa = PBXBuildFile; fileRef = 1A14B5E523397C100071A6E4 /* VNOrderUI.framework */; settings = {ATTRIBUTES = (CodeSignOnCopy, RemoveHeadersOnCopy, ); }; };
		1A14B60923397C170071A6E4 /* VNPayment.framework in Frameworks */ = {isa = PBXBuildFile; fileRef = 1A14B5E923397C100071A6E4 /* VNPayment.framework */; };
		1A14B60A23397C170071A6E4 /* VNPayment.framework in Embed Frameworks */ = {isa = PBXBuildFile; fileRef = 1A14B5E923397C100071A6E4 /* VNPayment.framework */; settings = {ATTRIBUTES = (CodeSignOnCopy, RemoveHeadersOnCopy, ); }; };
		1A14B60B23397C170071A6E4 /* VNWalletData.framework in Frameworks */ = {isa = PBXBuildFile; fileRef = 1A14B5E123397C0F0071A6E4 /* VNWalletData.framework */; };
		1A14B60C23397C170071A6E4 /* VNWalletData.framework in Embed Frameworks */ = {isa = PBXBuildFile; fileRef = 1A14B5E123397C0F0071A6E4 /* VNWalletData.framework */; settings = {ATTRIBUTES = (CodeSignOnCopy, RemoveHeadersOnCopy, ); }; };
		1A14B60D23397C170071A6E4 /* VNWalletService.framework in Frameworks */ = {isa = PBXBuildFile; fileRef = 1A14B5E623397C100071A6E4 /* VNWalletService.framework */; };
		1A14B60E23397C170071A6E4 /* VNWalletService.framework in Embed Frameworks */ = {isa = PBXBuildFile; fileRef = 1A14B5E623397C100071A6E4 /* VNWalletService.framework */; settings = {ATTRIBUTES = (CodeSignOnCopy, RemoveHeadersOnCopy, ); }; };
		1A14B60F23397C170071A6E4 /* VNWalletUI.framework in Frameworks */ = {isa = PBXBuildFile; fileRef = 1A14B5E723397C100071A6E4 /* VNWalletUI.framework */; };
		1A14B61023397C170071A6E4 /* VNWalletUI.framework in Embed Frameworks */ = {isa = PBXBuildFile; fileRef = 1A14B5E723397C100071A6E4 /* VNWalletUI.framework */; settings = {ATTRIBUTES = (CodeSignOnCopy, RemoveHeadersOnCopy, ); }; };
		1A14B61223397DAD0071A6E4 /* Keys.plist in Resources */ = {isa = PBXBuildFile; fileRef = 1A14B61123397DAD0071A6E4 /* Keys.plist */; };
		1A14B61623397F160071A6E4 /* PresenceController.swift in Sources */ = {isa = PBXBuildFile; fileRef = 1A14B61523397F150071A6E4 /* PresenceController.swift */; };
		1A14B61B23397F470071A6E4 /* Presence.framework in Frameworks */ = {isa = PBXBuildFile; fileRef = 1A14B61723397F3D0071A6E4 /* Presence.framework */; };
		1A14B61C23397F470071A6E4 /* Presence.framework in Embed Frameworks */ = {isa = PBXBuildFile; fileRef = 1A14B61723397F3D0071A6E4 /* Presence.framework */; settings = {ATTRIBUTES = (CodeSignOnCopy, RemoveHeadersOnCopy, ); }; };
		1A14B61D23397F470071A6E4 /* PresenceSDK.framework in Frameworks */ = {isa = PBXBuildFile; fileRef = 1A14B61823397F3E0071A6E4 /* PresenceSDK.framework */; };
		1A14B61E23397F470071A6E4 /* PresenceSDK.framework in Embed Frameworks */ = {isa = PBXBuildFile; fileRef = 1A14B61823397F3E0071A6E4 /* PresenceSDK.framework */; settings = {ATTRIBUTES = (CodeSignOnCopy, RemoveHeadersOnCopy, ); }; };
		1A14B62123397F8A0071A6E4 /* iosExperienceSDK.framework in Frameworks */ = {isa = PBXBuildFile; fileRef = 1A14B61F23397F7B0071A6E4 /* iosExperienceSDK.framework */; };
		1A14B62223397F8A0071A6E4 /* iosExperienceSDK.framework in Embed Frameworks */ = {isa = PBXBuildFile; fileRef = 1A14B61F23397F7B0071A6E4 /* iosExperienceSDK.framework */; settings = {ATTRIBUTES = (CodeSignOnCopy, RemoveHeadersOnCopy, ); }; };
		1A14B62423397FA50071A6E4 /* PresenseAppDelegate.swift in Sources */ = {isa = PBXBuildFile; fileRef = 1A14B62323397FA50071A6E4 /* PresenseAppDelegate.swift */; };
		6594257722C23B7500BCA348 /* DeepLinkTableViewController.swift in Sources */ = {isa = PBXBuildFile; fileRef = 6594257522C23B7500BCA348 /* DeepLinkTableViewController.swift */; };
		6594257822C23B7500BCA348 /* DeepLinkTableViewController.xib in Resources */ = {isa = PBXBuildFile; fileRef = 6594257622C23B7500BCA348 /* DeepLinkTableViewController.xib */; };
		6594257B22C2BD2200BCA348 /* LinkTableViewCell.swift in Sources */ = {isa = PBXBuildFile; fileRef = 6594257922C2BD2100BCA348 /* LinkTableViewCell.swift */; };
		6594257C22C2BD2200BCA348 /* LinkTableViewCell.xib in Resources */ = {isa = PBXBuildFile; fileRef = 6594257A22C2BD2100BCA348 /* LinkTableViewCell.xib */; };
		AB2BCA8E228DB66400194A7A /* AppDelegate.swift in Sources */ = {isa = PBXBuildFile; fileRef = AB2BCA8D228DB66400194A7A /* AppDelegate.swift */; };
		AB2BCA95228DB66700194A7A /* Assets.xcassets in Resources */ = {isa = PBXBuildFile; fileRef = AB2BCA94228DB66700194A7A /* Assets.xcassets */; };
		AB2BCA98228DB66700194A7A /* LaunchScreen.storyboard in Resources */ = {isa = PBXBuildFile; fileRef = AB2BCA96228DB66700194A7A /* LaunchScreen.storyboard */; };
		AB5987CA22B43CAC003E159A /* Analytics.swift in Sources */ = {isa = PBXBuildFile; fileRef = AB5987C922B43CAC003E159A /* Analytics.swift */; };
		AB6E2355228DCB4800EDD290 /* TabBarController.swift in Sources */ = {isa = PBXBuildFile; fileRef = AB6E2354228DCB4800EDD290 /* TabBarController.swift */; };
		AB6E2357228DCD1800EDD290 /* PaymentAdapter.swift in Sources */ = {isa = PBXBuildFile; fileRef = AB6E2356228DCD1800EDD290 /* PaymentAdapter.swift */; };
		AB6E2359228DCDE400EDD290 /* vnorder-colors.plist in Resources */ = {isa = PBXBuildFile; fileRef = AB6E2358228DCDE400EDD290 /* vnorder-colors.plist */; };
		ABC68E7B230EF7F500F41B01 /* ObjCTabBarController.m in Sources */ = {isa = PBXBuildFile; fileRef = ABC68E72230EF7F500F41B01 /* ObjCTabBarController.m */; };
		ABC68E7C230EF7F500F41B01 /* ObjCConfiguration.m in Sources */ = {isa = PBXBuildFile; fileRef = ABC68E73230EF7F500F41B01 /* ObjCConfiguration.m */; };
		ABC68E7D230EF7F500F41B01 /* DemoViewController.xib in Resources */ = {isa = PBXBuildFile; fileRef = ABC68E77230EF7F500F41B01 /* DemoViewController.xib */; };
		ABC68E7E230EF7F500F41B01 /* DemoViewController.m in Sources */ = {isa = PBXBuildFile; fileRef = ABC68E78230EF7F500F41B01 /* DemoViewController.m */; };
		ABC68E7F230EF7F500F41B01 /* SwiftConfiguration.swift in Sources */ = {isa = PBXBuildFile; fileRef = ABC68E7A230EF7F500F41B01 /* SwiftConfiguration.swift */; };
		ABC68E81230EF97F00F41B01 /* Appearance.swift in Sources */ = {isa = PBXBuildFile; fileRef = ABC68E80230EF97F00F41B01 /* Appearance.swift */; };
/* End PBXBuildFile section */

/* Begin PBXCopyFilesBuildPhase section */
		AB6E2353228DCA5200EDD290 /* Embed Frameworks */ = {
			isa = PBXCopyFilesBuildPhase;
			buildActionMask = 2147483647;
			dstPath = "";
			dstSubfolderSpec = 10;
			files = (
				1A14B5FE23397C170071A6E4 /* VNCoreUI.framework in Embed Frameworks */,
				1A14B60623397C170071A6E4 /* VNOrderService.framework in Embed Frameworks */,
				1A14B61E23397F470071A6E4 /* PresenceSDK.framework in Embed Frameworks */,
				1A14B60A23397C170071A6E4 /* VNPayment.framework in Embed Frameworks */,
				1A14B61C23397F470071A6E4 /* Presence.framework in Embed Frameworks */,
				1A14B60E23397C170071A6E4 /* VNWalletService.framework in Embed Frameworks */,
				1A14B5FA23397C170071A6E4 /* VNAnalytics.framework in Embed Frameworks */,
				1A14B5FC23397C170071A6E4 /* VNCore.framework in Embed Frameworks */,
				1A14B62223397F8A0071A6E4 /* iosExperienceSDK.framework in Embed Frameworks */,
				1A14B60023397C170071A6E4 /* VNLegacy.framework in Embed Frameworks */,
				1A14B61023397C170071A6E4 /* VNWalletUI.framework in Embed Frameworks */,
				1A14B60823397C170071A6E4 /* VNOrderUI.framework in Embed Frameworks */,
				1A14B60223397C170071A6E4 /* VNNetworkService.framework in Embed Frameworks */,
				1A14B60423397C170071A6E4 /* VNOrderData.framework in Embed Frameworks */,
				1A14B60C23397C170071A6E4 /* VNWalletData.framework in Embed Frameworks */,
			);
			name = "Embed Frameworks";
			runOnlyForDeploymentPostprocessing = 0;
		};
/* End PBXCopyFilesBuildPhase section */

/* Begin PBXFileReference section */
		1A14B5E123397C0F0071A6E4 /* VNWalletData.framework */ = {isa = PBXFileReference; lastKnownFileType = wrapper.framework; path = VNWalletData.framework; sourceTree = "<group>"; };
		1A14B5E223397C0F0071A6E4 /* VNCoreUI.framework */ = {isa = PBXFileReference; lastKnownFileType = wrapper.framework; path = VNCoreUI.framework; sourceTree = "<group>"; };
		1A14B5E323397C0F0071A6E4 /* VNNetworkService.framework */ = {isa = PBXFileReference; lastKnownFileType = wrapper.framework; path = VNNetworkService.framework; sourceTree = "<group>"; };
		1A14B5E423397C0F0071A6E4 /* VNOrderData.framework */ = {isa = PBXFileReference; lastKnownFileType = wrapper.framework; path = VNOrderData.framework; sourceTree = "<group>"; };
		1A14B5E523397C100071A6E4 /* VNOrderUI.framework */ = {isa = PBXFileReference; lastKnownFileType = wrapper.framework; path = VNOrderUI.framework; sourceTree = "<group>"; };
		1A14B5E623397C100071A6E4 /* VNWalletService.framework */ = {isa = PBXFileReference; lastKnownFileType = wrapper.framework; path = VNWalletService.framework; sourceTree = "<group>"; };
		1A14B5E723397C100071A6E4 /* VNWalletUI.framework */ = {isa = PBXFileReference; lastKnownFileType = wrapper.framework; path = VNWalletUI.framework; sourceTree = "<group>"; };
		1A14B5E823397C100071A6E4 /* VNCore.framework */ = {isa = PBXFileReference; lastKnownFileType = wrapper.framework; path = VNCore.framework; sourceTree = "<group>"; };
		1A14B5E923397C100071A6E4 /* VNPayment.framework */ = {isa = PBXFileReference; lastKnownFileType = wrapper.framework; path = VNPayment.framework; sourceTree = "<group>"; };
		1A14B5EA23397C100071A6E4 /* VNLegacy.framework */ = {isa = PBXFileReference; lastKnownFileType = wrapper.framework; path = VNLegacy.framework; sourceTree = "<group>"; };
		1A14B5EB23397C100071A6E4 /* VNAnalytics.framework */ = {isa = PBXFileReference; lastKnownFileType = wrapper.framework; path = VNAnalytics.framework; sourceTree = "<group>"; };
		1A14B5EC23397C100071A6E4 /* VNOrderService.framework */ = {isa = PBXFileReference; lastKnownFileType = wrapper.framework; path = VNOrderService.framework; sourceTree = "<group>"; };
		1A14B61123397DAD0071A6E4 /* Keys.plist */ = {isa = PBXFileReference; fileEncoding = 4; lastKnownFileType = text.plist.xml; path = Keys.plist; sourceTree = "<group>"; };
		1A14B61523397F150071A6E4 /* PresenceController.swift */ = {isa = PBXFileReference; fileEncoding = 4; lastKnownFileType = sourcecode.swift; path = PresenceController.swift; sourceTree = "<group>"; };
		1A14B61723397F3D0071A6E4 /* Presence.framework */ = {isa = PBXFileReference; lastKnownFileType = wrapper.framework; path = Presence.framework; sourceTree = "<group>"; };
		1A14B61823397F3E0071A6E4 /* PresenceSDK.framework */ = {isa = PBXFileReference; lastKnownFileType = wrapper.framework; path = PresenceSDK.framework; sourceTree = "<group>"; };
		1A14B61F23397F7B0071A6E4 /* iosExperienceSDK.framework */ = {isa = PBXFileReference; lastKnownFileType = wrapper.framework; path = iosExperienceSDK.framework; sourceTree = "<group>"; };
		1A14B62323397FA50071A6E4 /* PresenseAppDelegate.swift */ = {isa = PBXFileReference; fileEncoding = 4; lastKnownFileType = sourcecode.swift; path = PresenseAppDelegate.swift; sourceTree = "<group>"; };
		6594257522C23B7500BCA348 /* DeepLinkTableViewController.swift */ = {isa = PBXFileReference; fileEncoding = 4; lastKnownFileType = sourcecode.swift; path = DeepLinkTableViewController.swift; sourceTree = "<group>"; };
		6594257622C23B7500BCA348 /* DeepLinkTableViewController.xib */ = {isa = PBXFileReference; fileEncoding = 4; lastKnownFileType = file.xib; path = DeepLinkTableViewController.xib; sourceTree = "<group>"; };
		6594257922C2BD2100BCA348 /* LinkTableViewCell.swift */ = {isa = PBXFileReference; fileEncoding = 4; lastKnownFileType = sourcecode.swift; path = LinkTableViewCell.swift; sourceTree = "<group>"; };
		6594257A22C2BD2100BCA348 /* LinkTableViewCell.xib */ = {isa = PBXFileReference; fileEncoding = 4; lastKnownFileType = file.xib; path = LinkTableViewCell.xib; sourceTree = "<group>"; };
		AB2BCA8A228DB66400194A7A /* VenueNextSDK-Demo.app */ = {isa = PBXFileReference; explicitFileType = wrapper.application; includeInIndex = 0; path = "VenueNextSDK-Demo.app"; sourceTree = BUILT_PRODUCTS_DIR; };
		AB2BCA8D228DB66400194A7A /* AppDelegate.swift */ = {isa = PBXFileReference; lastKnownFileType = sourcecode.swift; path = AppDelegate.swift; sourceTree = "<group>"; };
		AB2BCA94228DB66700194A7A /* Assets.xcassets */ = {isa = PBXFileReference; lastKnownFileType = folder.assetcatalog; path = Assets.xcassets; sourceTree = "<group>"; };
		AB2BCA97228DB66700194A7A /* Base */ = {isa = PBXFileReference; lastKnownFileType = file.storyboard; name = Base; path = Base.lproj/LaunchScreen.storyboard; sourceTree = "<group>"; };
		AB2BCA99228DB66700194A7A /* Info.plist */ = {isa = PBXFileReference; lastKnownFileType = text.plist.xml; path = Info.plist; sourceTree = "<group>"; };
		AB5987C922B43CAC003E159A /* Analytics.swift */ = {isa = PBXFileReference; lastKnownFileType = sourcecode.swift; path = Analytics.swift; sourceTree = "<group>"; };
		AB6E2354228DCB4800EDD290 /* TabBarController.swift */ = {isa = PBXFileReference; lastKnownFileType = sourcecode.swift; path = TabBarController.swift; sourceTree = "<group>"; };
		AB6E2356228DCD1800EDD290 /* PaymentAdapter.swift */ = {isa = PBXFileReference; lastKnownFileType = sourcecode.swift; path = PaymentAdapter.swift; sourceTree = "<group>"; };
		AB6E2358228DCDE400EDD290 /* vnorder-colors.plist */ = {isa = PBXFileReference; lastKnownFileType = text.plist.xml; path = "vnorder-colors.plist"; sourceTree = "<group>"; };
		ABC68E72230EF7F500F41B01 /* ObjCTabBarController.m */ = {isa = PBXFileReference; fileEncoding = 4; lastKnownFileType = sourcecode.c.objc; path = ObjCTabBarController.m; sourceTree = "<group>"; };
		ABC68E73230EF7F500F41B01 /* ObjCConfiguration.m */ = {isa = PBXFileReference; fileEncoding = 4; lastKnownFileType = sourcecode.c.objc; path = ObjCConfiguration.m; sourceTree = "<group>"; };
		ABC68E74230EF7F500F41B01 /* ObjCTabBarController.h */ = {isa = PBXFileReference; fileEncoding = 4; lastKnownFileType = sourcecode.c.h; path = ObjCTabBarController.h; sourceTree = "<group>"; };
		ABC68E76230EF7F500F41B01 /* DemoViewController.h */ = {isa = PBXFileReference; fileEncoding = 4; lastKnownFileType = sourcecode.c.h; path = DemoViewController.h; sourceTree = "<group>"; };
		ABC68E77230EF7F500F41B01 /* DemoViewController.xib */ = {isa = PBXFileReference; fileEncoding = 4; lastKnownFileType = file.xib; path = DemoViewController.xib; sourceTree = "<group>"; };
		ABC68E78230EF7F500F41B01 /* DemoViewController.m */ = {isa = PBXFileReference; fileEncoding = 4; lastKnownFileType = sourcecode.c.objc; path = DemoViewController.m; sourceTree = "<group>"; };
		ABC68E79230EF7F500F41B01 /* ObjCConfiguration.h */ = {isa = PBXFileReference; fileEncoding = 4; lastKnownFileType = sourcecode.c.h; path = ObjCConfiguration.h; sourceTree = "<group>"; };
		ABC68E7A230EF7F500F41B01 /* SwiftConfiguration.swift */ = {isa = PBXFileReference; fileEncoding = 4; lastKnownFileType = sourcecode.swift; path = SwiftConfiguration.swift; sourceTree = "<group>"; };
		ABC68E80230EF97F00F41B01 /* Appearance.swift */ = {isa = PBXFileReference; fileEncoding = 4; lastKnownFileType = sourcecode.swift; path = Appearance.swift; sourceTree = "<group>"; };
		ABC68E84230EFB7400F41B01 /* VenueNextSDK_Demo-Bridging-Header.h */ = {isa = PBXFileReference; lastKnownFileType = sourcecode.c.h; path = "VenueNextSDK_Demo-Bridging-Header.h"; sourceTree = "<group>"; };
/* End PBXFileReference section */

/* Begin PBXFrameworksBuildPhase section */
		AB2BCA87228DB66400194A7A /* Frameworks */ = {
			isa = PBXFrameworksBuildPhase;
			buildActionMask = 2147483647;
			files = (
				1A14B5FD23397C170071A6E4 /* VNCoreUI.framework in Frameworks */,
				1A14B60523397C170071A6E4 /* VNOrderService.framework in Frameworks */,
				1A14B61D23397F470071A6E4 /* PresenceSDK.framework in Frameworks */,
				1A14B60923397C170071A6E4 /* VNPayment.framework in Frameworks */,
				1A14B61B23397F470071A6E4 /* Presence.framework in Frameworks */,
				1A14B60D23397C170071A6E4 /* VNWalletService.framework in Frameworks */,
				1A14B5F923397C170071A6E4 /* VNAnalytics.framework in Frameworks */,
				1A14B5FB23397C170071A6E4 /* VNCore.framework in Frameworks */,
				1A14B62123397F8A0071A6E4 /* iosExperienceSDK.framework in Frameworks */,
				1A14B5FF23397C170071A6E4 /* VNLegacy.framework in Frameworks */,
				1A14B60F23397C170071A6E4 /* VNWalletUI.framework in Frameworks */,
				1A14B60723397C170071A6E4 /* VNOrderUI.framework in Frameworks */,
				1A14B60123397C170071A6E4 /* VNNetworkService.framework in Frameworks */,
				1A14B60323397C170071A6E4 /* VNOrderData.framework in Frameworks */,
				1A14B60B23397C170071A6E4 /* VNWalletData.framework in Frameworks */,
			);
			runOnlyForDeploymentPostprocessing = 0;
		};
/* End PBXFrameworksBuildPhase section */

/* Begin PBXGroup section */
		6594258022C2C7A100BCA348 /* Frameworks */ = {
			isa = PBXGroup;
			children = (
			);
			name = Frameworks;
			sourceTree = "<group>";
		};
		AB2BCA81228DB66400194A7A = {
			isa = PBXGroup;
			children = (
				AB2BCA8C228DB66400194A7A /* VenueNextSDK-Demo */,
				AB2BCA8B228DB66400194A7A /* Products */,
				6594258022C2C7A100BCA348 /* Frameworks */,
			);
			sourceTree = "<group>";
		};
		AB2BCA8B228DB66400194A7A /* Products */ = {
			isa = PBXGroup;
			children = (
				AB2BCA8A228DB66400194A7A /* VenueNextSDK-Demo.app */,
			);
			name = Products;
			sourceTree = "<group>";
		};
		AB2BCA8C228DB66400194A7A /* VenueNextSDK-Demo */ = {
			isa = PBXGroup;
			children = (
				1A14B61123397DAD0071A6E4 /* Keys.plist */,
				ABC68E80230EF97F00F41B01 /* Appearance.swift */,
				AB6E2342228DCA2D00EDD290 /* Frameworks */,
				ABC68E71230EF7F500F41B01 /* ObjC */,
				1A14B62323397FA50071A6E4 /* PresenseAppDelegate.swift */,
				ABC68E7A230EF7F500F41B01 /* SwiftConfiguration.swift */,
				1A14B61523397F150071A6E4 /* PresenceController.swift */,
				AB2BCA8D228DB66400194A7A /* AppDelegate.swift */,
				AB5987C922B43CAC003E159A /* Analytics.swift */,
				AB6E2354228DCB4800EDD290 /* TabBarController.swift */,
				AB6E2356228DCD1800EDD290 /* PaymentAdapter.swift */,
				6594257922C2BD2100BCA348 /* LinkTableViewCell.swift */,
				6594257A22C2BD2100BCA348 /* LinkTableViewCell.xib */,
				6594257522C23B7500BCA348 /* DeepLinkTableViewController.swift */,
				6594257622C23B7500BCA348 /* DeepLinkTableViewController.xib */,
				AB2BCA94228DB66700194A7A /* Assets.xcassets */,
				AB2BCA96228DB66700194A7A /* LaunchScreen.storyboard */,
				AB2BCA99228DB66700194A7A /* Info.plist */,
				AB6E2358228DCDE400EDD290 /* vnorder-colors.plist */,
				ABC68E84230EFB7400F41B01 /* VenueNextSDK_Demo-Bridging-Header.h */,
			);
			path = "VenueNextSDK-Demo";
			sourceTree = "<group>";
		};
		AB6E2342228DCA2D00EDD290 /* Frameworks */ = {
			isa = PBXGroup;
			children = (
				1A14B61F23397F7B0071A6E4 /* iosExperienceSDK.framework */,
				1A14B61723397F3D0071A6E4 /* Presence.framework */,
				1A14B61823397F3E0071A6E4 /* PresenceSDK.framework */,
				1A14B5EB23397C100071A6E4 /* VNAnalytics.framework */,
				1A14B5E823397C100071A6E4 /* VNCore.framework */,
				1A14B5E223397C0F0071A6E4 /* VNCoreUI.framework */,
				1A14B5EA23397C100071A6E4 /* VNLegacy.framework */,
				1A14B5E323397C0F0071A6E4 /* VNNetworkService.framework */,
				1A14B5E423397C0F0071A6E4 /* VNOrderData.framework */,
				1A14B5EC23397C100071A6E4 /* VNOrderService.framework */,
				1A14B5E523397C100071A6E4 /* VNOrderUI.framework */,
				1A14B5E923397C100071A6E4 /* VNPayment.framework */,
				1A14B5E123397C0F0071A6E4 /* VNWalletData.framework */,
				1A14B5E623397C100071A6E4 /* VNWalletService.framework */,
				1A14B5E723397C100071A6E4 /* VNWalletUI.framework */,
			);
			path = Frameworks;
			sourceTree = "<group>";
		};
		ABC68E71230EF7F500F41B01 /* ObjC */ = {
			isa = PBXGroup;
			children = (
				ABC68E72230EF7F500F41B01 /* ObjCTabBarController.m */,
				ABC68E73230EF7F500F41B01 /* ObjCConfiguration.m */,
				ABC68E74230EF7F500F41B01 /* ObjCTabBarController.h */,
				ABC68E79230EF7F500F41B01 /* ObjCConfiguration.h */,
				ABC68E75230EF7F500F41B01 /* DemoViewController */,
			);
			path = ObjC;
			sourceTree = "<group>";
		};
		ABC68E75230EF7F500F41B01 /* DemoViewController */ = {
			isa = PBXGroup;
			children = (
				ABC68E76230EF7F500F41B01 /* DemoViewController.h */,
				ABC68E77230EF7F500F41B01 /* DemoViewController.xib */,
				ABC68E78230EF7F500F41B01 /* DemoViewController.m */,
			);
			path = DemoViewController;
			sourceTree = "<group>";
		};
/* End PBXGroup section */

/* Begin PBXNativeTarget section */
		AB2BCA89228DB66400194A7A /* VenueNextSDK-Demo */ = {
			isa = PBXNativeTarget;
			buildConfigurationList = AB2BCA9C228DB66700194A7A /* Build configuration list for PBXNativeTarget "VenueNextSDK-Demo" */;
			buildPhases = (
				AB2BCA86228DB66400194A7A /* Sources */,
				AB2BCA87228DB66400194A7A /* Frameworks */,
				AB2BCA88228DB66400194A7A /* Resources */,
				AB6E2353228DCA5200EDD290 /* Embed Frameworks */,
			);
			buildRules = (
			);
			dependencies = (
			);
			name = "VenueNextSDK-Demo";
			productName = "VenueNextSDK-Demo";
			productReference = AB2BCA8A228DB66400194A7A /* VenueNextSDK-Demo.app */;
			productType = "com.apple.product-type.application";
		};
/* End PBXNativeTarget section */

/* Begin PBXProject section */
		AB2BCA82228DB66400194A7A /* Project object */ = {
			isa = PBXProject;
			attributes = {
				LastSwiftUpdateCheck = 1010;
				LastUpgradeCheck = 1010;
				ORGANIZATIONNAME = "VenueNext, Inc.";
				TargetAttributes = {
					AB2BCA89228DB66400194A7A = {
						CreatedOnToolsVersion = 10.1;
					};
				};
			};
			buildConfigurationList = AB2BCA85228DB66400194A7A /* Build configuration list for PBXProject "VenueNextSDK-Demo" */;
			compatibilityVersion = "Xcode 9.3";
			developmentRegion = en;
			hasScannedForEncodings = 0;
			knownRegions = (
				en,
				Base,
			);
			mainGroup = AB2BCA81228DB66400194A7A;
			productRefGroup = AB2BCA8B228DB66400194A7A /* Products */;
			projectDirPath = "";
			projectRoot = "";
			targets = (
				AB2BCA89228DB66400194A7A /* VenueNextSDK-Demo */,
			);
		};
/* End PBXProject section */

/* Begin PBXResourcesBuildPhase section */
		AB2BCA88228DB66400194A7A /* Resources */ = {
			isa = PBXResourcesBuildPhase;
			buildActionMask = 2147483647;
			files = (
				6594257C22C2BD2200BCA348 /* LinkTableViewCell.xib in Resources */,
				ABC68E7D230EF7F500F41B01 /* DemoViewController.xib in Resources */,
				AB2BCA98228DB66700194A7A /* LaunchScreen.storyboard in Resources */,
				AB6E2359228DCDE400EDD290 /* vnorder-colors.plist in Resources */,
				1A14B61223397DAD0071A6E4 /* Keys.plist in Resources */,
				AB2BCA95228DB66700194A7A /* Assets.xcassets in Resources */,
				6594257822C23B7500BCA348 /* DeepLinkTableViewController.xib in Resources */,
			);
			runOnlyForDeploymentPostprocessing = 0;
		};
/* End PBXResourcesBuildPhase section */

/* Begin PBXSourcesBuildPhase section */
		AB2BCA86228DB66400194A7A /* Sources */ = {
			isa = PBXSourcesBuildPhase;
			buildActionMask = 2147483647;
			files = (
				ABC68E7B230EF7F500F41B01 /* ObjCTabBarController.m in Sources */,
				AB6E2355228DCB4800EDD290 /* TabBarController.swift in Sources */,
				AB6E2357228DCD1800EDD290 /* PaymentAdapter.swift in Sources */,
				AB5987CA22B43CAC003E159A /* Analytics.swift in Sources */,
				ABC68E7C230EF7F500F41B01 /* ObjCConfiguration.m in Sources */,
				AB2BCA8E228DB66400194A7A /* AppDelegate.swift in Sources */,
				ABC68E7E230EF7F500F41B01 /* DemoViewController.m in Sources */,
				ABC68E81230EF97F00F41B01 /* Appearance.swift in Sources */,
				1A14B61623397F160071A6E4 /* PresenceController.swift in Sources */,
				6594257722C23B7500BCA348 /* DeepLinkTableViewController.swift in Sources */,
				ABC68E7F230EF7F500F41B01 /* SwiftConfiguration.swift in Sources */,
				1A14B62423397FA50071A6E4 /* PresenseAppDelegate.swift in Sources */,
				6594257B22C2BD2200BCA348 /* LinkTableViewCell.swift in Sources */,
			);
			runOnlyForDeploymentPostprocessing = 0;
		};
/* End PBXSourcesBuildPhase section */

/* Begin PBXVariantGroup section */
		AB2BCA96228DB66700194A7A /* LaunchScreen.storyboard */ = {
			isa = PBXVariantGroup;
			children = (
				AB2BCA97228DB66700194A7A /* Base */,
			);
			name = LaunchScreen.storyboard;
			sourceTree = "<group>";
		};
/* End PBXVariantGroup section */

/* Begin XCBuildConfiguration section */
		AB2BCA9A228DB66700194A7A /* Debug */ = {
			isa = XCBuildConfiguration;
			buildSettings = {
				ALWAYS_SEARCH_USER_PATHS = NO;
				CLANG_ANALYZER_NONNULL = YES;
				CLANG_ANALYZER_NUMBER_OBJECT_CONVERSION = YES_AGGRESSIVE;
				CLANG_CXX_LANGUAGE_STANDARD = "gnu++14";
				CLANG_CXX_LIBRARY = "libc++";
				CLANG_ENABLE_MODULES = YES;
				CLANG_ENABLE_OBJC_ARC = YES;
				CLANG_ENABLE_OBJC_WEAK = YES;
				CLANG_WARN_BLOCK_CAPTURE_AUTORELEASING = YES;
				CLANG_WARN_BOOL_CONVERSION = YES;
				CLANG_WARN_COMMA = YES;
				CLANG_WARN_CONSTANT_CONVERSION = YES;
				CLANG_WARN_DEPRECATED_OBJC_IMPLEMENTATIONS = YES;
				CLANG_WARN_DIRECT_OBJC_ISA_USAGE = YES_ERROR;
				CLANG_WARN_DOCUMENTATION_COMMENTS = YES;
				CLANG_WARN_EMPTY_BODY = YES;
				CLANG_WARN_ENUM_CONVERSION = YES;
				CLANG_WARN_INFINITE_RECURSION = YES;
				CLANG_WARN_INT_CONVERSION = YES;
				CLANG_WARN_NON_LITERAL_NULL_CONVERSION = YES;
				CLANG_WARN_OBJC_IMPLICIT_RETAIN_SELF = YES;
				CLANG_WARN_OBJC_LITERAL_CONVERSION = YES;
				CLANG_WARN_OBJC_ROOT_CLASS = YES_ERROR;
				CLANG_WARN_RANGE_LOOP_ANALYSIS = YES;
				CLANG_WARN_STRICT_PROTOTYPES = YES;
				CLANG_WARN_SUSPICIOUS_MOVE = YES;
				CLANG_WARN_UNGUARDED_AVAILABILITY = YES_AGGRESSIVE;
				CLANG_WARN_UNREACHABLE_CODE = YES;
				CLANG_WARN__DUPLICATE_METHOD_MATCH = YES;
				CODE_SIGN_IDENTITY = "iPhone Developer";
				COPY_PHASE_STRIP = NO;
				DEBUG_INFORMATION_FORMAT = dwarf;
				ENABLE_STRICT_OBJC_MSGSEND = YES;
				ENABLE_TESTABILITY = YES;
				GCC_C_LANGUAGE_STANDARD = gnu11;
				GCC_DYNAMIC_NO_PIC = NO;
				GCC_NO_COMMON_BLOCKS = YES;
				GCC_OPTIMIZATION_LEVEL = 0;
				GCC_PREPROCESSOR_DEFINITIONS = (
					"DEBUG=1",
					"$(inherited)",
				);
				GCC_WARN_64_TO_32_BIT_CONVERSION = YES;
				GCC_WARN_ABOUT_RETURN_TYPE = YES_ERROR;
				GCC_WARN_UNDECLARED_SELECTOR = YES;
				GCC_WARN_UNINITIALIZED_AUTOS = YES_AGGRESSIVE;
				GCC_WARN_UNUSED_FUNCTION = YES;
				GCC_WARN_UNUSED_VARIABLE = YES;
				IPHONEOS_DEPLOYMENT_TARGET = 12.1;
				MTL_ENABLE_DEBUG_INFO = INCLUDE_SOURCE;
				MTL_FAST_MATH = YES;
				ONLY_ACTIVE_ARCH = YES;
				SDKROOT = iphoneos;
				SWIFT_ACTIVE_COMPILATION_CONDITIONS = DEBUG;
				SWIFT_OPTIMIZATION_LEVEL = "-Onone";
			};
			name = Debug;
		};
		AB2BCA9B228DB66700194A7A /* Release */ = {
			isa = XCBuildConfiguration;
			buildSettings = {
				ALWAYS_SEARCH_USER_PATHS = NO;
				CLANG_ANALYZER_NONNULL = YES;
				CLANG_ANALYZER_NUMBER_OBJECT_CONVERSION = YES_AGGRESSIVE;
				CLANG_CXX_LANGUAGE_STANDARD = "gnu++14";
				CLANG_CXX_LIBRARY = "libc++";
				CLANG_ENABLE_MODULES = YES;
				CLANG_ENABLE_OBJC_ARC = YES;
				CLANG_ENABLE_OBJC_WEAK = YES;
				CLANG_WARN_BLOCK_CAPTURE_AUTORELEASING = YES;
				CLANG_WARN_BOOL_CONVERSION = YES;
				CLANG_WARN_COMMA = YES;
				CLANG_WARN_CONSTANT_CONVERSION = YES;
				CLANG_WARN_DEPRECATED_OBJC_IMPLEMENTATIONS = YES;
				CLANG_WARN_DIRECT_OBJC_ISA_USAGE = YES_ERROR;
				CLANG_WARN_DOCUMENTATION_COMMENTS = YES;
				CLANG_WARN_EMPTY_BODY = YES;
				CLANG_WARN_ENUM_CONVERSION = YES;
				CLANG_WARN_INFINITE_RECURSION = YES;
				CLANG_WARN_INT_CONVERSION = YES;
				CLANG_WARN_NON_LITERAL_NULL_CONVERSION = YES;
				CLANG_WARN_OBJC_IMPLICIT_RETAIN_SELF = YES;
				CLANG_WARN_OBJC_LITERAL_CONVERSION = YES;
				CLANG_WARN_OBJC_ROOT_CLASS = YES_ERROR;
				CLANG_WARN_RANGE_LOOP_ANALYSIS = YES;
				CLANG_WARN_STRICT_PROTOTYPES = YES;
				CLANG_WARN_SUSPICIOUS_MOVE = YES;
				CLANG_WARN_UNGUARDED_AVAILABILITY = YES_AGGRESSIVE;
				CLANG_WARN_UNREACHABLE_CODE = YES;
				CLANG_WARN__DUPLICATE_METHOD_MATCH = YES;
				CODE_SIGN_IDENTITY = "iPhone Developer";
				COPY_PHASE_STRIP = NO;
				DEBUG_INFORMATION_FORMAT = "dwarf-with-dsym";
				ENABLE_NS_ASSERTIONS = NO;
				ENABLE_STRICT_OBJC_MSGSEND = YES;
				GCC_C_LANGUAGE_STANDARD = gnu11;
				GCC_NO_COMMON_BLOCKS = YES;
				GCC_WARN_64_TO_32_BIT_CONVERSION = YES;
				GCC_WARN_ABOUT_RETURN_TYPE = YES_ERROR;
				GCC_WARN_UNDECLARED_SELECTOR = YES;
				GCC_WARN_UNINITIALIZED_AUTOS = YES_AGGRESSIVE;
				GCC_WARN_UNUSED_FUNCTION = YES;
				GCC_WARN_UNUSED_VARIABLE = YES;
				IPHONEOS_DEPLOYMENT_TARGET = 12.1;
				MTL_ENABLE_DEBUG_INFO = NO;
				MTL_FAST_MATH = YES;
				SDKROOT = iphoneos;
				SWIFT_COMPILATION_MODE = wholemodule;
				SWIFT_OPTIMIZATION_LEVEL = "-O";
				VALIDATE_PRODUCT = YES;
			};
			name = Release;
		};
		AB2BCA9D228DB66700194A7A /* Debug */ = {
			isa = XCBuildConfiguration;
			buildSettings = {
				ASSETCATALOG_COMPILER_APPICON_NAME = AppIcon;
				CODE_SIGN_STYLE = Automatic;
				DEVELOPMENT_TEAM = 4DL8PZB55U;
				FRAMEWORK_SEARCH_PATHS = (
					"$(inherited)",
					"$(PROJECT_DIR)",
					"$(PROJECT_DIR)/VenueNextSDK-Demo/Frameworks",
				);
				INFOPLIST_FILE = "VenueNextSDK-Demo/Info.plist";
				IPHONEOS_DEPLOYMENT_TARGET = 11.0;
				LD_RUNPATH_SEARCH_PATHS = (
					"$(inherited)",
					"@executable_path/Frameworks",
				);
				PRODUCT_BUNDLE_IDENTIFIER = "com.venuenext.VenueNextSDK-Demo";
				PRODUCT_NAME = "$(TARGET_NAME)";
				SWIFT_OBJC_BRIDGING_HEADER = "$(SRCROOT)/$(PROJECT_NAME)/$(SWIFT_MODULE_NAME)-Bridging-Header.h";
				SWIFT_PRECOMPILE_BRIDGING_HEADER = YES;
				SWIFT_VERSION = 4.2;
				TARGETED_DEVICE_FAMILY = "1,2";
			};
			name = Debug;
		};
		AB2BCA9E228DB66700194A7A /* Release */ = {
			isa = XCBuildConfiguration;
			buildSettings = {
				ASSETCATALOG_COMPILER_APPICON_NAME = AppIcon;
				CODE_SIGN_STYLE = Automatic;
				DEVELOPMENT_TEAM = 4DL8PZB55U;
				FRAMEWORK_SEARCH_PATHS = (
					"$(inherited)",
					"$(PROJECT_DIR)",
					"$(PROJECT_DIR)/VenueNextSDK-Demo/Frameworks",
				);
				INFOPLIST_FILE = "VenueNextSDK-Demo/Info.plist";
				IPHONEOS_DEPLOYMENT_TARGET = 11.0;
				LD_RUNPATH_SEARCH_PATHS = (
					"$(inherited)",
					"@executable_path/Frameworks",
				);
				PRODUCT_BUNDLE_IDENTIFIER = "com.venuenext.VenueNextSDK-Demo";
				PRODUCT_NAME = "$(TARGET_NAME)";
				SWIFT_OBJC_BRIDGING_HEADER = "$(SRCROOT)/$(PROJECT_NAME)/$(SWIFT_MODULE_NAME)-Bridging-Header.h";
				SWIFT_PRECOMPILE_BRIDGING_HEADER = YES;
				SWIFT_VERSION = 4.2;
				TARGETED_DEVICE_FAMILY = "1,2";
			};
			name = Release;
		};
/* End XCBuildConfiguration section */

/* Begin XCConfigurationList section */
		AB2BCA85228DB66400194A7A /* Build configuration list for PBXProject "VenueNextSDK-Demo" */ = {
			isa = XCConfigurationList;
			buildConfigurations = (
				AB2BCA9A228DB66700194A7A /* Debug */,
				AB2BCA9B228DB66700194A7A /* Release */,
			);
			defaultConfigurationIsVisible = 0;
			defaultConfigurationName = Release;
		};
		AB2BCA9C228DB66700194A7A /* Build configuration list for PBXNativeTarget "VenueNextSDK-Demo" */ = {
			isa = XCConfigurationList;
			buildConfigurations = (
				AB2BCA9D228DB66700194A7A /* Debug */,
				AB2BCA9E228DB66700194A7A /* Release */,
			);
			defaultConfigurationIsVisible = 0;
			defaultConfigurationName = Release;
		};
/* End XCConfigurationList section */
	};
	rootObject = AB2BCA82228DB66400194A7A /* Project object */;
}
